PODS:
  - Charts (2.2.4):
    - Charts/Core (= 2.2.4)
  - Charts/Core (2.2.4)
  - CocoaLumberjack (2.2.0):
    - CocoaLumberjack/Default (= 2.2.0)
    - CocoaLumberjack/Extensions (= 2.2.0)
  - CocoaLumberjack/Core (2.2.0)
  - CocoaLumberjack/Default (2.2.0):
    - CocoaLumberjack/Core
  - CocoaLumberjack/Extensions (2.2.0):
    - CocoaLumberjack/Default
  - Crashlytics (3.7.0):
    - Fabric (~> 1.6.3)
  - DZNEmptyDataSet (1.7.3)
  - Fabric (1.6.7)
  - MagicalRecord (2.3.2):
    - MagicalRecord/Core (= 2.3.2)
  - MagicalRecord/CocoaLumberjack (2.3.2):
    - CocoaLumberjack (~> 2.0)
    - MagicalRecord/Core
  - MagicalRecord/Core (2.3.2)
  - MMNumberKeyboard (0.1.5)
  - Onboard (2.1.9)
  - PDTSimpleCalendar (0.9.1)
  - ReactiveCocoa (4.0.4-alpha-4):
    - ReactiveCocoa/UI (= 4.0.4-alpha-4)
    - Result (~> 1.0)
  - ReactiveCocoa/Core (4.0.4-alpha-4):
    - ReactiveCocoa/no-arc
    - Result (~> 1.0)
  - ReactiveCocoa/no-arc (4.0.4-alpha-4):
    - Result (~> 1.0)
  - ReactiveCocoa/UI (4.0.4-alpha-4):
    - ReactiveCocoa/Core
    - Result (~> 1.0)
  - Result (1.0.2)
  - SDWebImage (3.7.5):
    - SDWebImage/Core (= 3.7.5)
  - SDWebImage/Core (3.7.5)
  - SimpleAlert (1.3.1)
  - Spring (1.0.3)
  - SSKeychain (1.4.0)
  - Timepiece (0.4.2)
  - VENTouchLock (1.11.0):
    - SSKeychain (~> 1.0)

DEPENDENCIES:
  - Charts
  - Crashlytics
  - DZNEmptyDataSet (~> 1.7.3)
  - Fabric
  - MagicalRecord
  - MagicalRecord/CocoaLumberjack
  - MMNumberKeyboard
  - Onboard
  - PDTSimpleCalendar (~> 0.9.1)
  - ReactiveCocoa (~> 4.0.4-alpha-4)
  - SDWebImage (~> 3.7.4)
  - SimpleAlert
  - Spring (from `https://github.com/MengTo/Spring.git`, branch `swift2`)
  - Timepiece
  - VENTouchLock (~> 1.11.0)

EXTERNAL SOURCES:
  Spring:
    :branch: swift2
    :git: https://github.com/MengTo/Spring.git

CHECKOUT OPTIONS:
  Spring:
    :commit: 18d5c7b74489de8044e34767f856d1e574f0820e
    :git: https://github.com/MengTo/Spring.git

SPEC CHECKSUMS:
  Charts: a9e735c83c6d376ade20f6612dcf0ba217394a49
  CocoaLumberjack: 17fe8581f84914d5d7e6360f7c70022b173c3ae0
  Crashlytics: c3a2333dea9e2733d2777f730910321fc9e25c0d
  DZNEmptyDataSet: dd7cca17c1d07dfa78956859b1e70a52505678ef
  Fabric: caf7580c725e64db144f610ac65cd60956911dc7
  MagicalRecord: 53bed74b4323b930992a725be713e53b37d19755
  MMNumberKeyboard: 12da79571d08aca21566534a74726c5469aed29a
  Onboard: 4d92c763ed15f939071dec12e87ed9e8dc036746
  PDTSimpleCalendar: d1c03387678422715dc021aa1a85d70f4d1014f2
  ReactiveCocoa: e459ea92099447802df20c4735e31e8139b06094
  Result: dd3dd71af3fa2e262f1a999e14fba2c25ec14f16
  SDWebImage: 69c6303e3348fba97e03f65d65d4fbc26740f461
  SimpleAlert: 05215ee656e1da1428998e76a76bb153a16c7a21
  Spring: 3f02b5dc3308572ef177b3cad0fa7bbc4b0706f7
  SSKeychain: c71293fa57216a40ab06c23f4085387583293de4
  Timepiece: cf53bb908bf542acc0e3d5f69cabfed869df4ebd
  VENTouchLock: f3145d6fbff243d6692dfb1107b88db06dc216c9

COCOAPODS: 0.39.0
