PODS:
  - Charts (3.0.1):
    - Charts/Core (= 3.0.1)
  - Charts/Core (3.0.1)
  - CocoaLumberjack (2.4.0):
    - CocoaLumberjack/Default (= 2.4.0)
    - CocoaLumberjack/Extensions (= 2.4.0)
  - CocoaLumberjack/Core (2.4.0)
  - CocoaLumberjack/Default (2.4.0):
    - CocoaLumberjack/Core
  - CocoaLumberjack/Extensions (2.4.0):
    - CocoaLumberjack/Default
  - Crashlytics (3.8.3):
    - Fabric (~> 1.6.3)
  - DZNEmptyDataSet (1.8.1)
  - Fabric (1.6.11)
  - MagicalRecord (2.3.2):
    - MagicalRecord/Core (= 2.3.2)
  - MagicalRecord/CocoaLumberjack (2.3.2):
    - CocoaLumberjack (~> 2.0)
    - MagicalRecord/Core
  - MagicalRecord/Core (2.3.2)
  - MBCircularProgressBar (0.3.5)
  - MMNumberKeyboard (0.1.5)
  - Onboard (2.3.1)
  - PDTSimpleCalendar (0.9.1)
  - PulsingHalo (0.2.3)
  - ReactiveCocoa (5.0.0-rc.1):
    - ReactiveSwift (~> 1.0.0-rc.3)
  - ReactiveSwift (1.0.0):
    - Result (~> 3.1)
  - Result (3.1.0)
  - SDWebImage (3.8.2):
    - SDWebImage/Core (= 3.8.2)
  - SDWebImage/Core (3.8.2)
  - SimpleAlert (2.0.1)
  - Spring (1.0.3)
  - SSKeychain (1.4.1)
  - SwiftDate (4.0.10)
  - VENTouchLock (1.11.0):
    - SSKeychain (~> 1.0)

DEPENDENCIES:
  - Charts
  - Crashlytics
  - DZNEmptyDataSet
  - Fabric
  - MagicalRecord
  - MagicalRecord/CocoaLumberjack
  - MBCircularProgressBar
  - MMNumberKeyboard
  - Onboard
  - PDTSimpleCalendar (~> 0.9.1)
  - PulsingHalo
  - ReactiveCocoa (= 5.0.0-rc.1)
  - SDWebImage (~> 3.8)
  - SimpleAlert
  - Spring (from `https://github.com/MengTo/Spring.git`, branch `swift3`)
  - SwiftDate
  - VENTouchLock (~> 1.11.0)

EXTERNAL SOURCES:
  Spring:
    :branch: swift3
    :git: https://github.com/MengTo/Spring.git

CHECKOUT OPTIONS:
  Spring:
    :commit: 3a9227c6e9157e7b47f5ac1ee5abab2a56b50002
    :git: https://github.com/MengTo/Spring.git

SPEC CHECKSUMS:
  Charts: 0e84f4418e87dad6a9edde221fba37ebb51d3ba7
  CocoaLumberjack: aa9dcab71bdf9eaf2a63bbd9ddc87863efe45457
  Crashlytics: 2b6dbe138a42395577cfa73dfa1aa7248cadf39e
  DZNEmptyDataSet: 9525833b9e68ac21c30253e1d3d7076cc828eaa7
  Fabric: 5911403591946b8228ab1c51d98f1d7137e863c6
  MagicalRecord: 53bed74b4323b930992a725be713e53b37d19755
  MBCircularProgressBar: 0b795b722a5eb5b0923822f90474e2576a1a7855
  MMNumberKeyboard: 12da79571d08aca21566534a74726c5469aed29a
  Onboard: b6871f25ac753175b2ab9a362fb2feb26a81a311
  PDTSimpleCalendar: d1c03387678422715dc021aa1a85d70f4d1014f2
  PulsingHalo: f0fe19699182eb959e4bc333838a2609ef7f7d48
  ReactiveCocoa: 3e9cad4b77fa199d41e03f603cb55d0701ad6ad8
  ReactiveSwift: f391724ee318a2cfd3e37dfb041cd49ecf4e7869
  Result: 4e3ed5995ed94d0cd6a09be9a431fce3f3624bbf
  SDWebImage: 098e97e6176540799c27e804c96653ee0833d13c
  SimpleAlert: 383d1197df2e7b70b9bef5771f3632979c1aadae
  Spring: 3f02b5dc3308572ef177b3cad0fa7bbc4b0706f7
  SSKeychain: 55cc80f66f5c73da827e3077f02e43528897db41
  SwiftDate: efdff69cf3750c2e4ef4fb9f0461e22b40c4c942
  VENTouchLock: f3145d6fbff243d6692dfb1107b88db06dc216c9

PODFILE CHECKSUM: d014bf49ee47308a73b0574c33abd6876ace6840

COCOAPODS: 1.1.1
