// !$*UTF8*$!
{
	archiveVersion = 1;
	classes = {
	};
	objectVersion = 46;
	objects = {

/* Begin PBXBuildFile section */
		485E306904A58D511271EE80 /* Pods_PersonalFinance.framework in Frameworks */ = {isa = PBXBuildFile; fileRef = E9A6407F11259AC7F87C24BD /* Pods_PersonalFinance.framework */; };
		7A01C1211CBF3F6500D3EC90 /* MonthConsumeViewController.swift in Sources */ = {isa = PBXBuildFile; fileRef = 7A01C1201CBF3F6500D3EC90 /* MonthConsumeViewController.swift */; };
		7A01C1261CBFC2F200D3EC90 /* MonthConsumeViewModel.swift in Sources */ = {isa = PBXBuildFile; fileRef = 7A01C1251CBFC2F200D3EC90 /* MonthConsumeViewModel.swift */; };
		7A0644271C6B05BA00FAE828 /* Consume-Type.plist in Resources */ = {isa = PBXBuildFile; fileRef = 7A0644261C6B05BA00FAE828 /* Consume-Type.plist */; };
		7A0644291C6B05DC00FAE828 /* NewConsume-Type.plist in Resources */ = {isa = PBXBuildFile; fileRef = 7A0644281C6B05DC00FAE828 /* NewConsume-Type.plist */; };
		7A06442B1C6B08A300FAE828 /* CustomTypeCollectionViewCell.swift in Sources */ = {isa = PBXBuildFile; fileRef = 7A06442A1C6B08A300FAE828 /* CustomTypeCollectionViewCell.swift */; };
		7A0D40AD1CC797F600B72EAE /* MKiCloudSync.m in Sources */ = {isa = PBXBuildFile; fileRef = 7A0D40AC1CC797F600B72EAE /* MKiCloudSync.m */; };
		7A18FFE51CC1BC530092AEC8 /* UIViewControllerExtension.swift in Sources */ = {isa = PBXBuildFile; fileRef = 7A18FFE41CC1BC530092AEC8 /* UIViewControllerExtension.swift */; };
		7A2136E91CC4CE44000737CF /* AddNewConsumeCategoryViewModel.swift in Sources */ = {isa = PBXBuildFile; fileRef = 7A2136E81CC4CE44000737CF /* AddNewConsumeCategoryViewModel.swift */; };
		7A2136EB1CC4D486000737CF /* AddNewConsumeCategoryViewController.swift in Sources */ = {isa = PBXBuildFile; fileRef = 7A2136EA1CC4D486000737CF /* AddNewConsumeCategoryViewController.swift */; };
		7A2136ED1CC4D71F000737CF /* AddNewConsumeCategoryCollectionViewCell.swift in Sources */ = {isa = PBXBuildFile; fileRef = 7A2136EC1CC4D71F000737CF /* AddNewConsumeCategoryCollectionViewCell.swift */; };
		7A2845B01CCB596200770DB0 /* LocalNotification.swift in Sources */ = {isa = PBXBuildFile; fileRef = 7A2845AF1CCB596200770DB0 /* LocalNotification.swift */; };
		7A2845B21CCB63C200770DB0 /* PrepareLocalNotification.swift in Sources */ = {isa = PBXBuildFile; fileRef = 7A2845B11CCB63C200770DB0 /* PrepareLocalNotification.swift */; };
		7A2B3ECC1CC08CE200D751D5 /* DayConsumeInfo.swift in Sources */ = {isa = PBXBuildFile; fileRef = 7A2B3ECB1CC08CE200D751D5 /* DayConsumeInfo.swift */; };
		7A2B3ED01CC0A8AA00D751D5 /* SettingViewController.swift in Sources */ = {isa = PBXBuildFile; fileRef = 7A2B3ECF1CC0A8AA00D751D5 /* SettingViewController.swift */; };
		7A2B3ED21CC0A8C100D751D5 /* SettingViewModel.swift in Sources */ = {isa = PBXBuildFile; fileRef = 7A2B3ED11CC0A8C100D751D5 /* SettingViewModel.swift */; };
		7A2B3ED61CC0C55E00D751D5 /* SettingTableViewCell.swift in Sources */ = {isa = PBXBuildFile; fileRef = 7A2B3ED51CC0C55E00D751D5 /* SettingTableViewCell.swift */; };
		7A2B3F041CC11FF100D751D5 /* SampleSplashViewController.swift in Sources */ = {isa = PBXBuildFile; fileRef = 7A2B3F021CC11FF100D751D5 /* SampleSplashViewController.swift */; };
		7A2B3F051CC11FF100D751D5 /* SampleSplashViewController.xib in Resources */ = {isa = PBXBuildFile; fileRef = 7A2B3F031CC11FF100D751D5 /* SampleSplashViewController.xib */; };
		7A2B3F081CC1240500D751D5 /* PasscodeOperation.swift in Sources */ = {isa = PBXBuildFile; fileRef = 7A2B3F071CC1240500D751D5 /* PasscodeOperation.swift */; };
		7A4168121C60619200145EA1 /* AddNewCustomViewController.swift in Sources */ = {isa = PBXBuildFile; fileRef = 7A4168111C60619200145EA1 /* AddNewCustomViewController.swift */; };
		7A4168141C6061BA00145EA1 /* AddNewCustomViewModel.swift in Sources */ = {isa = PBXBuildFile; fileRef = 7A4168131C6061BA00145EA1 /* AddNewCustomViewModel.swift */; };
		7A444F531CB7778E00324267 /* FinanceOfCategoryTableViewCell.swift in Sources */ = {isa = PBXBuildFile; fileRef = 7A444F521CB7778E00324267 /* FinanceOfCategoryTableViewCell.swift */; };
		7A444F571CB77D3500324267 /* ChartViewModel.swift in Sources */ = {isa = PBXBuildFile; fileRef = 7A444F561CB77D3400324267 /* ChartViewModel.swift */; };
		7A47B8581C6B3B0F00F63D9A /* OperatePlist.swift in Sources */ = {isa = PBXBuildFile; fileRef = 7A47B8571C6B3B0F00F63D9A /* OperatePlist.swift */; };
		7A47C0A41CC8BA210003F25A /* NotificationCenter.framework in Frameworks */ = {isa = PBXBuildFile; fileRef = 7A47C0A31CC8BA210003F25A /* NotificationCenter.framework */; };
		7A47C0A71CC8BA210003F25A /* TodayViewController.swift in Sources */ = {isa = PBXBuildFile; fileRef = 7A47C0A61CC8BA210003F25A /* TodayViewController.swift */; };
		7A47C0AA1CC8BA210003F25A /* MainInterface.storyboard in Resources */ = {isa = PBXBuildFile; fileRef = 7A47C0A81CC8BA210003F25A /* MainInterface.storyboard */; };
		7A47C0AE1CC8BA210003F25A /* PersonalFinanceTodayWidget.appex in Embed App Extensions */ = {isa = PBXBuildFile; fileRef = 7A47C0A21CC8BA210003F25A /* PersonalFinanceTodayWidget.appex */; settings = {ATTRIBUTES = (RemoveHeadersOnCopy, ); }; };
		7A47C0B51CC8BB5A0003F25A /* ShareWithGroupOperation.swift in Sources */ = {isa = PBXBuildFile; fileRef = 7A47C0B41CC8BB5A0003F25A /* ShareWithGroupOperation.swift */; };
		7A47C0B61CC8BCCE0003F25A /* ShareWithGroupOperation.swift in Sources */ = {isa = PBXBuildFile; fileRef = 7A47C0B41CC8BB5A0003F25A /* ShareWithGroupOperation.swift */; };
		7A47C0B71CC8C1E20003F25A /* Assets.xcassets in Resources */ = {isa = PBXBuildFile; fileRef = 7A7EB3B31C58F07F009AD0A7 /* Assets.xcassets */; };
		7A47C1081CC8FAF80003F25A /* BaseDataInfoExtension.swift in Sources */ = {isa = PBXBuildFile; fileRef = 7ADF85991CBD19FA008FCEA1 /* BaseDataInfoExtension.swift */; };
		7A614FC61C5C780900BEE1B8 /* DateExtension.swift in Sources */ = {isa = PBXBuildFile; fileRef = 7A614FC51C5C780900BEE1B8 /* DateExtension.swift */; };
		7A614FC91C5C7C1900BEE1B8 /* BaseInfo.swift in Sources */ = {isa = PBXBuildFile; fileRef = 7A614FC81C5C7C1900BEE1B8 /* BaseInfo.swift */; };
		7A614FCC1C5C853600BEE1B8 /* BaseInfoTest.swift in Sources */ = {isa = PBXBuildFile; fileRef = 7A614FCB1C5C853600BEE1B8 /* BaseInfoTest.swift */; };
		7A7376BC1CBB7F810038BB3E /* TopAlert.swift in Sources */ = {isa = PBXBuildFile; fileRef = 7A7376BB1CBB7F810038BB3E /* TopAlert.swift */; };
		7A7376BF1CBB80200038BB3E /* MozTopAlertView.m in Sources */ = {isa = PBXBuildFile; fileRef = 7A7376BE1CBB80200038BB3E /* MozTopAlertView.m */; };
		7A7376C71CBB80350038BB3E /* FAImageView.m in Sources */ = {isa = PBXBuildFile; fileRef = 7A7376C11CBB80350038BB3E /* FAImageView.m */; };
		7A7376C81CBB80350038BB3E /* FontAwesome.ttf in Resources */ = {isa = PBXBuildFile; fileRef = 7A7376C21CBB80350038BB3E /* FontAwesome.ttf */; };
		7A7376C91CBB80350038BB3E /* NSString+FontAwesome.m in Sources */ = {isa = PBXBuildFile; fileRef = 7A7376C41CBB80350038BB3E /* NSString+FontAwesome.m */; };
		7A7376CA1CBB80350038BB3E /* UIFont+FontAwesome.m in Sources */ = {isa = PBXBuildFile; fileRef = 7A7376C61CBB80350038BB3E /* UIFont+FontAwesome.m */; };
		7A7D35B81CC2668D00E2A389 /* DealMoneyFormat.swift in Sources */ = {isa = PBXBuildFile; fileRef = 7A7D35B71CC2668D00E2A389 /* DealMoneyFormat.swift */; };
		7A7EB3AD1C58F07F009AD0A7 /* AppDelegate.swift in Sources */ = {isa = PBXBuildFile; fileRef = 7A7EB3AC1C58F07F009AD0A7 /* AppDelegate.swift */; };
		7A7EB3AF1C58F07F009AD0A7 /* ViewController.swift in Sources */ = {isa = PBXBuildFile; fileRef = 7A7EB3AE1C58F07F009AD0A7 /* ViewController.swift */; };
		7A7EB3B21C58F07F009AD0A7 /* Main.storyboard in Resources */ = {isa = PBXBuildFile; fileRef = 7A7EB3B01C58F07F009AD0A7 /* Main.storyboard */; };
		7A7EB3B41C58F07F009AD0A7 /* Assets.xcassets in Resources */ = {isa = PBXBuildFile; fileRef = 7A7EB3B31C58F07F009AD0A7 /* Assets.xcassets */; };
		7A7EB3B71C58F07F009AD0A7 /* LaunchScreen.storyboard in Resources */ = {isa = PBXBuildFile; fileRef = 7A7EB3B51C58F07F009AD0A7 /* LaunchScreen.storyboard */; };
		7A7EB3C21C58F07F009AD0A7 /* PersonalFinanceTests.swift in Sources */ = {isa = PBXBuildFile; fileRef = 7A7EB3C11C58F07F009AD0A7 /* PersonalFinanceTests.swift */; };
		7A7EB3CD1C58F07F009AD0A7 /* PersonalFinanceUITests.swift in Sources */ = {isa = PBXBuildFile; fileRef = 7A7EB3CC1C58F07F009AD0A7 /* PersonalFinanceUITests.swift */; };
		7A7EB3DD1C58F4E8009AD0A7 /* PersonalFinance.xcdatamodeld in Sources */ = {isa = PBXBuildFile; fileRef = 7A7EB3DB1C58F4E8009AD0A7 /* PersonalFinance.xcdatamodeld */; };
		7A92C4691CC3C6E50035CF0A /* SingleConsume+CoreDataProperties.swift in Sources */ = {isa = PBXBuildFile; fileRef = 7A92C4651CC3C6E50035CF0A /* SingleConsume+CoreDataProperties.swift */; };
		7A92C46A1CC3C6E50035CF0A /* SingleConsume.swift in Sources */ = {isa = PBXBuildFile; fileRef = 7A92C4661CC3C6E50035CF0A /* SingleConsume.swift */; };
		7A92C46B1CC3C6E50035CF0A /* Category+CoreDataProperties.swift in Sources */ = {isa = PBXBuildFile; fileRef = 7A92C4671CC3C6E50035CF0A /* Category+CoreDataProperties.swift */; };
		7A92C46C1CC3C6E50035CF0A /* Category.swift in Sources */ = {isa = PBXBuildFile; fileRef = 7A92C4681CC3C6E50035CF0A /* Category.swift */; };
		7AB1EDD51CBCDE4A007D7151 /* FinanceOfCategory.swift in Sources */ = {isa = PBXBuildFile; fileRef = 7AB1EDD41CBCDE4A007D7151 /* FinanceOfCategory.swift */; };
		7ABC84BA1C6B28E9001156BF /* CategoryServiceTest.swift in Sources */ = {isa = PBXBuildFile; fileRef = 7ABC84B91C6B28E9001156BF /* CategoryServiceTest.swift */; };
		7ABCA7E11CBE8A5D008973E0 /* DayConsumeViewController.swift in Sources */ = {isa = PBXBuildFile; fileRef = 7ABCA7E01CBE8A5D008973E0 /* DayConsumeViewController.swift */; };
		7ABCA7E61CBE8B4D008973E0 /* DayConsumeViewModel.swift in Sources */ = {isa = PBXBuildFile; fileRef = 7ABCA7E51CBE8B4D008973E0 /* DayConsumeViewModel.swift */; };
		7AC393311C5CF25000A03DAC /* OnBoardPageManager.swift in Sources */ = {isa = PBXBuildFile; fileRef = 7AC393301C5CF25000A03DAC /* OnBoardPageManager.swift */; };
		7ACEF50C1C5A340600EF2200 /* RAC.swift in Sources */ = {isa = PBXBuildFile; fileRef = 7ACEF50B1C5A340600EF2200 /* RAC.swift */; };
		7ACEF5121C5A39F500EF2200 /* SingleCustomServiceTest.swift in Sources */ = {isa = PBXBuildFile; fileRef = 7ACEF5111C5A39F500EF2200 /* SingleCustomServiceTest.swift */; };
		7ACEF5161C5A3A2B00EF2200 /* CoreDataTest.swift in Sources */ = {isa = PBXBuildFile; fileRef = 7ACEF5151C5A3A2B00EF2200 /* CoreDataTest.swift */; };
		7ADF859A1CBD19FA008FCEA1 /* BaseDataInfoExtension.swift in Sources */ = {isa = PBXBuildFile; fileRef = 7ADF85991CBD19FA008FCEA1 /* BaseDataInfoExtension.swift */; };
		7AEE21191CB622A400BC9985 /* ChartViewController.swift in Sources */ = {isa = PBXBuildFile; fileRef = 7AEE21181CB622A400BC9985 /* ChartViewController.swift */; };
		7AF0736A1C5DA75200221F17 /* TYWaterWaveView.m in Sources */ = {isa = PBXBuildFile; fileRef = 7AF073671C5DA75200221F17 /* TYWaterWaveView.m */; };
		7AF0736B1C5DA75200221F17 /* TYWaveProgressView.m in Sources */ = {isa = PBXBuildFile; fileRef = 7AF073691C5DA75200221F17 /* TYWaveProgressView.m */; };
		7AF0736E1C5DA8AB00221F17 /* MainViewModel.swift in Sources */ = {isa = PBXBuildFile; fileRef = 7AF0736D1C5DA8AB00221F17 /* MainViewModel.swift */; };
/* End PBXBuildFile section */

/* Begin PBXContainerItemProxy section */
		7A47C0AC1CC8BA210003F25A /* PBXContainerItemProxy */ = {
			isa = PBXContainerItemProxy;
			containerPortal = 7A7EB3A11C58F07F009AD0A7 /* Project object */;
			proxyType = 1;
			remoteGlobalIDString = 7A47C0A11CC8BA210003F25A;
			remoteInfo = PersonalFinanceTodayWidget;
		};
		7A7EB3BE1C58F07F009AD0A7 /* PBXContainerItemProxy */ = {
			isa = PBXContainerItemProxy;
			containerPortal = 7A7EB3A11C58F07F009AD0A7 /* Project object */;
			proxyType = 1;
			remoteGlobalIDString = 7A7EB3A81C58F07F009AD0A7;
			remoteInfo = PersonalFinance;
		};
		7A7EB3C91C58F07F009AD0A7 /* PBXContainerItemProxy */ = {
			isa = PBXContainerItemProxy;
			containerPortal = 7A7EB3A11C58F07F009AD0A7 /* Project object */;
			proxyType = 1;
			remoteGlobalIDString = 7A7EB3A81C58F07F009AD0A7;
			remoteInfo = PersonalFinance;
		};
/* End PBXContainerItemProxy section */

/* Begin PBXCopyFilesBuildPhase section */
		7A47C0B21CC8BA210003F25A /* Embed App Extensions */ = {
			isa = PBXCopyFilesBuildPhase;
			buildActionMask = 2147483647;
			dstPath = "";
			dstSubfolderSpec = 13;
			files = (
				7A47C0AE1CC8BA210003F25A /* PersonalFinanceTodayWidget.appex in Embed App Extensions */,
			);
			name = "Embed App Extensions";
			runOnlyForDeploymentPostprocessing = 0;
		};
/* End PBXCopyFilesBuildPhase section */

/* Begin PBXFileReference section */
		03C71E5029CBF1E652AAF0CD /* Pods-PersonalFinance.release.xcconfig */ = {isa = PBXFileReference; includeInIndex = 1; lastKnownFileType = text.xcconfig; name = "Pods-PersonalFinance.release.xcconfig"; path = "Pods/Target Support Files/Pods-PersonalFinance/Pods-PersonalFinance.release.xcconfig"; sourceTree = "<group>"; };
		7A01C1201CBF3F6500D3EC90 /* MonthConsumeViewController.swift */ = {isa = PBXFileReference; fileEncoding = 4; lastKnownFileType = sourcecode.swift; path = MonthConsumeViewController.swift; sourceTree = "<group>"; };
		7A01C1251CBFC2F200D3EC90 /* MonthConsumeViewModel.swift */ = {isa = PBXFileReference; fileEncoding = 4; lastKnownFileType = sourcecode.swift; name = MonthConsumeViewModel.swift; path = ViewModel/MonthConsumeViewModel.swift; sourceTree = "<group>"; };
		7A0644261C6B05BA00FAE828 /* Consume-Type.plist */ = {isa = PBXFileReference; fileEncoding = 4; lastKnownFileType = text.plist.xml; path = "Consume-Type.plist"; sourceTree = "<group>"; };
		7A0644281C6B05DC00FAE828 /* NewConsume-Type.plist */ = {isa = PBXFileReference; fileEncoding = 4; lastKnownFileType = text.plist.xml; path = "NewConsume-Type.plist"; sourceTree = "<group>"; };
		7A06442A1C6B08A300FAE828 /* CustomTypeCollectionViewCell.swift */ = {isa = PBXFileReference; fileEncoding = 4; lastKnownFileType = sourcecode.swift; path = CustomTypeCollectionViewCell.swift; sourceTree = "<group>"; };
		7A0D40AB1CC797F600B72EAE /* MKiCloudSync.h */ = {isa = PBXFileReference; fileEncoding = 4; lastKnownFileType = sourcecode.c.h; path = MKiCloudSync.h; sourceTree = "<group>"; };
		7A0D40AC1CC797F600B72EAE /* MKiCloudSync.m */ = {isa = PBXFileReference; fileEncoding = 4; lastKnownFileType = sourcecode.c.objc; path = MKiCloudSync.m; sourceTree = "<group>"; };
		7A18FFE41CC1BC530092AEC8 /* UIViewControllerExtension.swift */ = {isa = PBXFileReference; fileEncoding = 4; lastKnownFileType = sourcecode.swift; path = UIViewControllerExtension.swift; sourceTree = "<group>"; };
		7A2136E81CC4CE44000737CF /* AddNewConsumeCategoryViewModel.swift */ = {isa = PBXFileReference; fileEncoding = 4; lastKnownFileType = sourcecode.swift; name = AddNewConsumeCategoryViewModel.swift; path = ViewModel/AddNewConsumeCategoryViewModel.swift; sourceTree = "<group>"; };
		7A2136EA1CC4D486000737CF /* AddNewConsumeCategoryViewController.swift */ = {isa = PBXFileReference; fileEncoding = 4; lastKnownFileType = sourcecode.swift; path = AddNewConsumeCategoryViewController.swift; sourceTree = "<group>"; };
		7A2136EC1CC4D71F000737CF /* AddNewConsumeCategoryCollectionViewCell.swift */ = {isa = PBXFileReference; fileEncoding = 4; lastKnownFileType = sourcecode.swift; path = AddNewConsumeCategoryCollectionViewCell.swift; sourceTree = "<group>"; };
		7A2136F01CC517EA000737CF /* PersonalFinance.entitlements */ = {isa = PBXFileReference; lastKnownFileType = text.xml; path = PersonalFinance.entitlements; sourceTree = "<group>"; };
		7A2845AF1CCB596200770DB0 /* LocalNotification.swift */ = {isa = PBXFileReference; fileEncoding = 4; lastKnownFileType = sourcecode.swift; path = LocalNotification.swift; sourceTree = "<group>"; };
		7A2845B11CCB63C200770DB0 /* PrepareLocalNotification.swift */ = {isa = PBXFileReference; fileEncoding = 4; lastKnownFileType = sourcecode.swift; path = PrepareLocalNotification.swift; sourceTree = "<group>"; };
		7A2B3ECB1CC08CE200D751D5 /* DayConsumeInfo.swift */ = {isa = PBXFileReference; fileEncoding = 4; lastKnownFileType = sourcecode.swift; name = DayConsumeInfo.swift; path = CoreData/Model/DayConsumeInfo.swift; sourceTree = "<group>"; };
		7A2B3ECF1CC0A8AA00D751D5 /* SettingViewController.swift */ = {isa = PBXFileReference; fileEncoding = 4; lastKnownFileType = sourcecode.swift; path = SettingViewController.swift; sourceTree = "<group>"; };
		7A2B3ED11CC0A8C100D751D5 /* SettingViewModel.swift */ = {isa = PBXFileReference; fileEncoding = 4; lastKnownFileType = sourcecode.swift; name = SettingViewModel.swift; path = ViewModel/SettingViewModel.swift; sourceTree = "<group>"; };
		7A2B3ED51CC0C55E00D751D5 /* SettingTableViewCell.swift */ = {isa = PBXFileReference; fileEncoding = 4; lastKnownFileType = sourcecode.swift; path = SettingTableViewCell.swift; sourceTree = "<group>"; };
		7A2B3F021CC11FF100D751D5 /* SampleSplashViewController.swift */ = {isa = PBXFileReference; fileEncoding = 4; lastKnownFileType = sourcecode.swift; path = SampleSplashViewController.swift; sourceTree = "<group>"; };
		7A2B3F031CC11FF100D751D5 /* SampleSplashViewController.xib */ = {isa = PBXFileReference; fileEncoding = 4; lastKnownFileType = file.xib; path = SampleSplashViewController.xib; sourceTree = "<group>"; };
		7A2B3F071CC1240500D751D5 /* PasscodeOperation.swift */ = {isa = PBXFileReference; fileEncoding = 4; lastKnownFileType = sourcecode.swift; path = PasscodeOperation.swift; sourceTree = "<group>"; };
		7A4168111C60619200145EA1 /* AddNewCustomViewController.swift */ = {isa = PBXFileReference; fileEncoding = 4; lastKnownFileType = sourcecode.swift; path = AddNewCustomViewController.swift; sourceTree = "<group>"; };
		7A4168131C6061BA00145EA1 /* AddNewCustomViewModel.swift */ = {isa = PBXFileReference; fileEncoding = 4; lastKnownFileType = sourcecode.swift; name = AddNewCustomViewModel.swift; path = ViewModel/AddNewCustomViewModel.swift; sourceTree = "<group>"; };
		7A444F521CB7778E00324267 /* FinanceOfCategoryTableViewCell.swift */ = {isa = PBXFileReference; fileEncoding = 4; lastKnownFileType = sourcecode.swift; path = FinanceOfCategoryTableViewCell.swift; sourceTree = "<group>"; };
		7A444F561CB77D3400324267 /* ChartViewModel.swift */ = {isa = PBXFileReference; fileEncoding = 4; lastKnownFileType = sourcecode.swift; name = ChartViewModel.swift; path = ViewModel/ChartViewModel.swift; sourceTree = "<group>"; };
		7A47B8571C6B3B0F00F63D9A /* OperatePlist.swift */ = {isa = PBXFileReference; fileEncoding = 4; lastKnownFileType = sourcecode.swift; path = OperatePlist.swift; sourceTree = "<group>"; };
		7A47C0A21CC8BA210003F25A /* PersonalFinanceTodayWidget.appex */ = {isa = PBXFileReference; explicitFileType = "wrapper.app-extension"; includeInIndex = 0; path = PersonalFinanceTodayWidget.appex; sourceTree = BUILT_PRODUCTS_DIR; };
		7A47C0A31CC8BA210003F25A /* NotificationCenter.framework */ = {isa = PBXFileReference; lastKnownFileType = wrapper.framework; name = NotificationCenter.framework; path = System/Library/Frameworks/NotificationCenter.framework; sourceTree = SDKROOT; };
		7A47C0A61CC8BA210003F25A /* TodayViewController.swift */ = {isa = PBXFileReference; lastKnownFileType = sourcecode.swift; path = TodayViewController.swift; sourceTree = "<group>"; };
		7A47C0A91CC8BA210003F25A /* Base */ = {isa = PBXFileReference; lastKnownFileType = file.storyboard; name = Base; path = Base.lproj/MainInterface.storyboard; sourceTree = "<group>"; };
		7A47C0AB1CC8BA210003F25A /* Info.plist */ = {isa = PBXFileReference; lastKnownFileType = text.plist.xml; path = Info.plist; sourceTree = "<group>"; };
		7A47C0B31CC8BADC0003F25A /* PersonalFinanceTodayWidget.entitlements */ = {isa = PBXFileReference; lastKnownFileType = text.xml; path = PersonalFinanceTodayWidget.entitlements; sourceTree = "<group>"; };
		7A47C0B41CC8BB5A0003F25A /* ShareWithGroupOperation.swift */ = {isa = PBXFileReference; fileEncoding = 4; lastKnownFileType = sourcecode.swift; path = ShareWithGroupOperation.swift; sourceTree = "<group>"; };
		7A614FC51C5C780900BEE1B8 /* DateExtension.swift */ = {isa = PBXFileReference; fileEncoding = 4; lastKnownFileType = sourcecode.swift; path = DateExtension.swift; sourceTree = "<group>"; };
		7A614FC81C5C7C1900BEE1B8 /* BaseInfo.swift */ = {isa = PBXFileReference; fileEncoding = 4; lastKnownFileType = sourcecode.swift; path = BaseInfo.swift; sourceTree = "<group>"; };
		7A614FCB1C5C853600BEE1B8 /* BaseInfoTest.swift */ = {isa = PBXFileReference; fileEncoding = 4; lastKnownFileType = sourcecode.swift; path = BaseInfoTest.swift; sourceTree = "<group>"; };
		7A7376BB1CBB7F810038BB3E /* TopAlert.swift */ = {isa = PBXFileReference; fileEncoding = 4; lastKnownFileType = sourcecode.swift; path = TopAlert.swift; sourceTree = "<group>"; };
		7A7376BD1CBB80200038BB3E /* MozTopAlertView.h */ = {isa = PBXFileReference; fileEncoding = 4; lastKnownFileType = sourcecode.c.h; name = MozTopAlertView.h; path = TopAlertView/MozTopAlertView.h; sourceTree = "<group>"; };
		7A7376BE1CBB80200038BB3E /* MozTopAlertView.m */ = {isa = PBXFileReference; fileEncoding = 4; lastKnownFileType = sourcecode.c.objc; name = MozTopAlertView.m; path = TopAlertView/MozTopAlertView.m; sourceTree = "<group>"; };
		7A7376C01CBB80350038BB3E /* FAImageView.h */ = {isa = PBXFileReference; fileEncoding = 4; lastKnownFileType = sourcecode.c.h; name = FAImageView.h; path = TopAlertView/fontawesome/FAImageView.h; sourceTree = "<group>"; };
		7A7376C11CBB80350038BB3E /* FAImageView.m */ = {isa = PBXFileReference; fileEncoding = 4; lastKnownFileType = sourcecode.c.objc; name = FAImageView.m; path = TopAlertView/fontawesome/FAImageView.m; sourceTree = "<group>"; };
		7A7376C21CBB80350038BB3E /* FontAwesome.ttf */ = {isa = PBXFileReference; lastKnownFileType = file; name = FontAwesome.ttf; path = TopAlertView/fontawesome/FontAwesome.ttf; sourceTree = "<group>"; };
		7A7376C31CBB80350038BB3E /* NSString+FontAwesome.h */ = {isa = PBXFileReference; fileEncoding = 4; lastKnownFileType = sourcecode.c.h; name = "NSString+FontAwesome.h"; path = "TopAlertView/fontawesome/NSString+FontAwesome.h"; sourceTree = "<group>"; };
		7A7376C41CBB80350038BB3E /* NSString+FontAwesome.m */ = {isa = PBXFileReference; fileEncoding = 4; lastKnownFileType = sourcecode.c.objc; name = "NSString+FontAwesome.m"; path = "TopAlertView/fontawesome/NSString+FontAwesome.m"; sourceTree = "<group>"; };
		7A7376C51CBB80350038BB3E /* UIFont+FontAwesome.h */ = {isa = PBXFileReference; fileEncoding = 4; lastKnownFileType = sourcecode.c.h; name = "UIFont+FontAwesome.h"; path = "TopAlertView/fontawesome/UIFont+FontAwesome.h"; sourceTree = "<group>"; };
		7A7376C61CBB80350038BB3E /* UIFont+FontAwesome.m */ = {isa = PBXFileReference; fileEncoding = 4; lastKnownFileType = sourcecode.c.objc; name = "UIFont+FontAwesome.m"; path = "TopAlertView/fontawesome/UIFont+FontAwesome.m"; sourceTree = "<group>"; };
		7A7D35B71CC2668D00E2A389 /* DealMoneyFormat.swift */ = {isa = PBXFileReference; fileEncoding = 4; lastKnownFileType = sourcecode.swift; path = DealMoneyFormat.swift; sourceTree = "<group>"; };
		7A7EB3A91C58F07F009AD0A7 /* PersonalFinance.app */ = {isa = PBXFileReference; explicitFileType = wrapper.application; includeInIndex = 0; path = PersonalFinance.app; sourceTree = BUILT_PRODUCTS_DIR; };
		7A7EB3AC1C58F07F009AD0A7 /* AppDelegate.swift */ = {isa = PBXFileReference; lastKnownFileType = sourcecode.swift; path = AppDelegate.swift; sourceTree = "<group>"; };
		7A7EB3AE1C58F07F009AD0A7 /* ViewController.swift */ = {isa = PBXFileReference; lastKnownFileType = sourcecode.swift; path = ViewController.swift; sourceTree = "<group>"; };
		7A7EB3B11C58F07F009AD0A7 /* Base */ = {isa = PBXFileReference; lastKnownFileType = file.storyboard; name = Base; path = Base.lproj/Main.storyboard; sourceTree = "<group>"; };
		7A7EB3B31C58F07F009AD0A7 /* Assets.xcassets */ = {isa = PBXFileReference; lastKnownFileType = folder.assetcatalog; path = Assets.xcassets; sourceTree = "<group>"; };
		7A7EB3B61C58F07F009AD0A7 /* Base */ = {isa = PBXFileReference; lastKnownFileType = file.storyboard; name = Base; path = Base.lproj/LaunchScreen.storyboard; sourceTree = "<group>"; };
		7A7EB3B81C58F07F009AD0A7 /* Info.plist */ = {isa = PBXFileReference; lastKnownFileType = text.plist.xml; path = Info.plist; sourceTree = "<group>"; };
		7A7EB3BD1C58F07F009AD0A7 /* PersonalFinanceTests.xctest */ = {isa = PBXFileReference; explicitFileType = wrapper.cfbundle; includeInIndex = 0; path = PersonalFinanceTests.xctest; sourceTree = BUILT_PRODUCTS_DIR; };
		7A7EB3C11C58F07F009AD0A7 /* PersonalFinanceTests.swift */ = {isa = PBXFileReference; lastKnownFileType = sourcecode.swift; path = PersonalFinanceTests.swift; sourceTree = "<group>"; };
		7A7EB3C31C58F07F009AD0A7 /* Info.plist */ = {isa = PBXFileReference; lastKnownFileType = text.plist.xml; path = Info.plist; sourceTree = "<group>"; };
		7A7EB3C81C58F07F009AD0A7 /* PersonalFinanceUITests.xctest */ = {isa = PBXFileReference; explicitFileType = wrapper.cfbundle; includeInIndex = 0; path = PersonalFinanceUITests.xctest; sourceTree = BUILT_PRODUCTS_DIR; };
		7A7EB3CC1C58F07F009AD0A7 /* PersonalFinanceUITests.swift */ = {isa = PBXFileReference; lastKnownFileType = sourcecode.swift; path = PersonalFinanceUITests.swift; sourceTree = "<group>"; };
		7A7EB3CE1C58F07F009AD0A7 /* Info.plist */ = {isa = PBXFileReference; lastKnownFileType = text.plist.xml; path = Info.plist; sourceTree = "<group>"; };
		7A7EB3DC1C58F4E8009AD0A7 /* PersonalFinance.xcdatamodel */ = {isa = PBXFileReference; lastKnownFileType = wrapper.xcdatamodel; path = PersonalFinance.xcdatamodel; sourceTree = "<group>"; };
		7A92C4651CC3C6E50035CF0A /* SingleConsume+CoreDataProperties.swift */ = {isa = PBXFileReference; fileEncoding = 4; lastKnownFileType = sourcecode.swift; name = "SingleConsume+CoreDataProperties.swift"; path = "CoreData/Model/SingleConsume+CoreDataProperties.swift"; sourceTree = "<group>"; };
		7A92C4661CC3C6E50035CF0A /* SingleConsume.swift */ = {isa = PBXFileReference; fileEncoding = 4; lastKnownFileType = sourcecode.swift; name = SingleConsume.swift; path = CoreData/Model/SingleConsume.swift; sourceTree = "<group>"; };
		7A92C4671CC3C6E50035CF0A /* Category+CoreDataProperties.swift */ = {isa = PBXFileReference; fileEncoding = 4; lastKnownFileType = sourcecode.swift; name = "Category+CoreDataProperties.swift"; path = "CoreData/Model/Category+CoreDataProperties.swift"; sourceTree = "<group>"; };
		7A92C4681CC3C6E50035CF0A /* Category.swift */ = {isa = PBXFileReference; fileEncoding = 4; lastKnownFileType = sourcecode.swift; name = Category.swift; path = CoreData/Model/Category.swift; sourceTree = "<group>"; };
		7AB1EDD41CBCDE4A007D7151 /* FinanceOfCategory.swift */ = {isa = PBXFileReference; fileEncoding = 4; lastKnownFileType = sourcecode.swift; name = FinanceOfCategory.swift; path = CoreData/FinanceOfCategory.swift; sourceTree = "<group>"; };
		7ABC84B91C6B28E9001156BF /* CategoryServiceTest.swift */ = {isa = PBXFileReference; fileEncoding = 4; lastKnownFileType = sourcecode.swift; path = CategoryServiceTest.swift; sourceTree = "<group>"; };
		7ABCA7E01CBE8A5D008973E0 /* DayConsumeViewController.swift */ = {isa = PBXFileReference; fileEncoding = 4; lastKnownFileType = sourcecode.swift; path = DayConsumeViewController.swift; sourceTree = "<group>"; };
		7ABCA7E51CBE8B4D008973E0 /* DayConsumeViewModel.swift */ = {isa = PBXFileReference; fileEncoding = 4; lastKnownFileType = sourcecode.swift; name = DayConsumeViewModel.swift; path = ViewModel/DayConsumeViewModel.swift; sourceTree = "<group>"; };
		7AC393301C5CF25000A03DAC /* OnBoardPageManager.swift */ = {isa = PBXFileReference; fileEncoding = 4; lastKnownFileType = sourcecode.swift; path = OnBoardPageManager.swift; sourceTree = "<group>"; };
		7ACEF50B1C5A340600EF2200 /* RAC.swift */ = {isa = PBXFileReference; fileEncoding = 4; lastKnownFileType = sourcecode.swift; path = RAC.swift; sourceTree = "<group>"; };
		7ACEF5111C5A39F500EF2200 /* SingleCustomServiceTest.swift */ = {isa = PBXFileReference; fileEncoding = 4; lastKnownFileType = sourcecode.swift; path = SingleCustomServiceTest.swift; sourceTree = "<group>"; };
		7ACEF5151C5A3A2B00EF2200 /* CoreDataTest.swift */ = {isa = PBXFileReference; fileEncoding = 4; lastKnownFileType = sourcecode.swift; path = CoreDataTest.swift; sourceTree = "<group>"; };
		7ADF85991CBD19FA008FCEA1 /* BaseDataInfoExtension.swift */ = {isa = PBXFileReference; fileEncoding = 4; lastKnownFileType = sourcecode.swift; path = BaseDataInfoExtension.swift; sourceTree = "<group>"; };
		7AEE21181CB622A400BC9985 /* ChartViewController.swift */ = {isa = PBXFileReference; fileEncoding = 4; lastKnownFileType = sourcecode.swift; path = ChartViewController.swift; sourceTree = "<group>"; };
		7AF0735C1C5D9CCE00221F17 /* PersonalFinance-Bridging-Header.h */ = {isa = PBXFileReference; lastKnownFileType = sourcecode.c.h; path = "PersonalFinance-Bridging-Header.h"; sourceTree = "<group>"; };
		7AF073661C5DA75200221F17 /* TYWaterWaveView.h */ = {isa = PBXFileReference; fileEncoding = 4; lastKnownFileType = sourcecode.c.h; name = TYWaterWaveView.h; path = TYWaveProgressView/TYWaterWaveView.h; sourceTree = "<group>"; };
		7AF073671C5DA75200221F17 /* TYWaterWaveView.m */ = {isa = PBXFileReference; fileEncoding = 4; lastKnownFileType = sourcecode.c.objc; name = TYWaterWaveView.m; path = TYWaveProgressView/TYWaterWaveView.m; sourceTree = "<group>"; };
		7AF073681C5DA75200221F17 /* TYWaveProgressView.h */ = {isa = PBXFileReference; fileEncoding = 4; lastKnownFileType = sourcecode.c.h; name = TYWaveProgressView.h; path = TYWaveProgressView/TYWaveProgressView.h; sourceTree = "<group>"; };
		7AF073691C5DA75200221F17 /* TYWaveProgressView.m */ = {isa = PBXFileReference; fileEncoding = 4; lastKnownFileType = sourcecode.c.objc; name = TYWaveProgressView.m; path = TYWaveProgressView/TYWaveProgressView.m; sourceTree = "<group>"; };
		7AF0736D1C5DA8AB00221F17 /* MainViewModel.swift */ = {isa = PBXFileReference; fileEncoding = 4; lastKnownFileType = sourcecode.swift; name = MainViewModel.swift; path = ViewModel/MainViewModel.swift; sourceTree = "<group>"; };
		88A9160AED56E19E43EE5900 /* Pods-PersonalFinance.debug.xcconfig */ = {isa = PBXFileReference; includeInIndex = 1; lastKnownFileType = text.xcconfig; name = "Pods-PersonalFinance.debug.xcconfig"; path = "Pods/Target Support Files/Pods-PersonalFinance/Pods-PersonalFinance.debug.xcconfig"; sourceTree = "<group>"; };
		E9A6407F11259AC7F87C24BD /* Pods_PersonalFinance.framework */ = {isa = PBXFileReference; explicitFileType = wrapper.framework; includeInIndex = 0; path = Pods_PersonalFinance.framework; sourceTree = BUILT_PRODUCTS_DIR; };
/* End PBXFileReference section */

/* Begin PBXFrameworksBuildPhase section */
		7A47C09F1CC8BA210003F25A /* Frameworks */ = {
			isa = PBXFrameworksBuildPhase;
			buildActionMask = 2147483647;
			files = (
				7A47C0A41CC8BA210003F25A /* NotificationCenter.framework in Frameworks */,
			);
			runOnlyForDeploymentPostprocessing = 0;
		};
		7A7EB3A61C58F07F009AD0A7 /* Frameworks */ = {
			isa = PBXFrameworksBuildPhase;
			buildActionMask = 2147483647;
			files = (
				485E306904A58D511271EE80 /* Pods_PersonalFinance.framework in Frameworks */,
			);
			runOnlyForDeploymentPostprocessing = 0;
		};
		7A7EB3BA1C58F07F009AD0A7 /* Frameworks */ = {
			isa = PBXFrameworksBuildPhase;
			buildActionMask = 2147483647;
			files = (
			);
			runOnlyForDeploymentPostprocessing = 0;
		};
		7A7EB3C51C58F07F009AD0A7 /* Frameworks */ = {
			isa = PBXFrameworksBuildPhase;
			buildActionMask = 2147483647;
			files = (
			);
			runOnlyForDeploymentPostprocessing = 0;
		};
/* End PBXFrameworksBuildPhase section */

/* Begin PBXGroup section */
		49070AD2C4C610F6A62F52DB /* Frameworks */ = {
			isa = PBXGroup;
			children = (
				E9A6407F11259AC7F87C24BD /* Pods_PersonalFinance.framework */,
				7A47C0A31CC8BA210003F25A /* NotificationCenter.framework */,
			);
			name = Frameworks;
			sourceTree = "<group>";
		};
		7A01C11F1CBF3F4100D3EC90 /* MonthConsume View Controller */ = {
			isa = PBXGroup;
			children = (
				7A01C1201CBF3F6500D3EC90 /* MonthConsumeViewController.swift */,
			);
			name = "MonthConsume View Controller";
			sourceTree = "<group>";
		};
		7A01C1221CBF3F6A00D3EC90 /* Month Consume */ = {
			isa = PBXGroup;
			children = (
				7A01C1251CBFC2F200D3EC90 /* MonthConsumeViewModel.swift */,
				7A2B3ECB1CC08CE200D751D5 /* DayConsumeInfo.swift */,
			);
			name = "Month Consume";
			sourceTree = "<group>";
		};
		7A0D40AA1CC797D300B72EAE /* NSUserDefaults Sync */ = {
			isa = PBXGroup;
			children = (
				7A0D40AB1CC797F600B72EAE /* MKiCloudSync.h */,
				7A0D40AC1CC797F600B72EAE /* MKiCloudSync.m */,
			);
			name = "NSUserDefaults Sync";
			sourceTree = "<group>";
		};
		7A2136E41CC4CDE2000737CF /* Add New Category View Controller */ = {
			isa = PBXGroup;
			children = (
				7A2136EA1CC4D486000737CF /* AddNewConsumeCategoryViewController.swift */,
				7A2136EC1CC4D71F000737CF /* AddNewConsumeCategoryCollectionViewCell.swift */,
			);
			name = "Add New Category View Controller";
			sourceTree = "<group>";
		};
		7A2136E71CC4CE27000737CF /* Add New Category */ = {
			isa = PBXGroup;
			children = (
				7A2136E81CC4CE44000737CF /* AddNewConsumeCategoryViewModel.swift */,
			);
			name = "Add New Category";
			sourceTree = "<group>";
		};
		7A244C011C5CE33200B46CC9 /* OnBoard */ = {
			isa = PBXGroup;
			children = (
				7AC393301C5CF25000A03DAC /* OnBoardPageManager.swift */,
			);
			name = OnBoard;
			sourceTree = "<group>";
		};
		7A2845AE1CCB593F00770DB0 /* Local Notification */ = {
			isa = PBXGroup;
			children = (
				7A2845AF1CCB596200770DB0 /* LocalNotification.swift */,
				7A2845B11CCB63C200770DB0 /* PrepareLocalNotification.swift */,
			);
			name = "Local Notification";
			sourceTree = "<group>";
		};
		7A2B3ECD1CC0A86300D751D5 /* Setting View Controller */ = {
			isa = PBXGroup;
			children = (
				7A2B3F011CC11EE100D751D5 /* Passcode View Controller */,
				7A2B3ECF1CC0A8AA00D751D5 /* SettingViewController.swift */,
				7A2B3ED51CC0C55E00D751D5 /* SettingTableViewCell.swift */,
			);
			name = "Setting View Controller";
			sourceTree = "<group>";
		};
		7A2B3ECE1CC0A87600D751D5 /* Setting  View Model */ = {
			isa = PBXGroup;
			children = (
				7A2B3ED11CC0A8C100D751D5 /* SettingViewModel.swift */,
			);
			name = "Setting  View Model";
			sourceTree = "<group>";
		};
		7A2B3F011CC11EE100D751D5 /* Passcode View Controller */ = {
			isa = PBXGroup;
			children = (
				7A2B3F021CC11FF100D751D5 /* SampleSplashViewController.swift */,
				7A2B3F031CC11FF100D751D5 /* SampleSplashViewController.xib */,
			);
			name = "Passcode View Controller";
			sourceTree = "<group>";
		};
		7A2B3F061CC123DD00D751D5 /* Passcode Operation */ = {
			isa = PBXGroup;
			children = (
				7A2B3F071CC1240500D751D5 /* PasscodeOperation.swift */,
			);
			name = "Passcode Operation";
			sourceTree = "<group>";
		};
		7A41680F1C60615200145EA1 /* Add New Consume View Controller */ = {
			isa = PBXGroup;
			children = (
				7A4168111C60619200145EA1 /* AddNewCustomViewController.swift */,
				7A06442A1C6B08A300FAE828 /* CustomTypeCollectionViewCell.swift */,
			);
			name = "Add New Consume View Controller";
			sourceTree = "<group>";
		};
		7A4168101C60616F00145EA1 /* Add New Custom */ = {
			isa = PBXGroup;
			children = (
				7A4168131C6061BA00145EA1 /* AddNewCustomViewModel.swift */,
				7A7D35B71CC2668D00E2A389 /* DealMoneyFormat.swift */,
			);
			name = "Add New Custom";
			sourceTree = "<group>";
		};
		7A444F541CB77D0000324267 /* Chart View Model */ = {
			isa = PBXGroup;
			children = (
				7A444F561CB77D3400324267 /* ChartViewModel.swift */,
				7AB1EDD41CBCDE4A007D7151 /* FinanceOfCategory.swift */,
			);
			name = "Chart View Model";
			sourceTree = "<group>";
		};
		7A47B8561C6B3AE500F63D9A /* Operate Plist */ = {
			isa = PBXGroup;
			children = (
				7A47B8571C6B3B0F00F63D9A /* OperatePlist.swift */,
			);
			name = "Operate Plist";
			sourceTree = "<group>";
		};
		7A47C0A51CC8BA210003F25A /* PersonalFinanceTodayWidget */ = {
			isa = PBXGroup;
			children = (
				7A47C0B31CC8BADC0003F25A /* PersonalFinanceTodayWidget.entitlements */,
				7A47C0A61CC8BA210003F25A /* TodayViewController.swift */,
				7A47C0A81CC8BA210003F25A /* MainInterface.storyboard */,
				7A47C0AB1CC8BA210003F25A /* Info.plist */,
			);
			path = PersonalFinanceTodayWidget;
			sourceTree = "<group>";
		};
		7A614FC31C5C77D700BEE1B8 /* Other */ = {
			isa = PBXGroup;
			children = (
				7A2845AE1CCB593F00770DB0 /* Local Notification */,
				7A2B3F061CC123DD00D751D5 /* Passcode Operation */,
				7A47B8561C6B3AE500F63D9A /* Operate Plist */,
				7A614FC71C5C796F00BEE1B8 /* Base Info */,
				7A244C011C5CE33200B46CC9 /* OnBoard */,
				7ACEF50A1C5A33A400EF2200 /* RACSwift */,
				7A614FC41C5C77E100BEE1B8 /* Extension */,
			);
			name = Other;
			sourceTree = "<group>";
		};
		7A614FC41C5C77E100BEE1B8 /* Extension */ = {
			isa = PBXGroup;
			children = (
				7A614FC51C5C780900BEE1B8 /* DateExtension.swift */,
				7ADF85991CBD19FA008FCEA1 /* BaseDataInfoExtension.swift */,
				7A18FFE41CC1BC530092AEC8 /* UIViewControllerExtension.swift */,
			);
			name = Extension;
			sourceTree = "<group>";
		};
		7A614FC71C5C796F00BEE1B8 /* Base Info */ = {
			isa = PBXGroup;
			children = (
				7A614FC81C5C7C1900BEE1B8 /* BaseInfo.swift */,
				7A47C0B41CC8BB5A0003F25A /* ShareWithGroupOperation.swift */,
			);
			name = "Base Info";
			sourceTree = "<group>";
		};
		7A614FCA1C5C851900BEE1B8 /* BaseInfoTest */ = {
			isa = PBXGroup;
			children = (
				7A614FCB1C5C853600BEE1B8 /* BaseInfoTest.swift */,
			);
			name = BaseInfoTest;
			sourceTree = "<group>";
		};
		7A7376CB1CBB803C0038BB3E /* font */ = {
			isa = PBXGroup;
			children = (
				7A7376C01CBB80350038BB3E /* FAImageView.h */,
				7A7376C11CBB80350038BB3E /* FAImageView.m */,
				7A7376C21CBB80350038BB3E /* FontAwesome.ttf */,
				7A7376C31CBB80350038BB3E /* NSString+FontAwesome.h */,
				7A7376C41CBB80350038BB3E /* NSString+FontAwesome.m */,
				7A7376C51CBB80350038BB3E /* UIFont+FontAwesome.h */,
				7A7376C61CBB80350038BB3E /* UIFont+FontAwesome.m */,
			);
			name = font;
			sourceTree = "<group>";
		};
		7A7376CC1CBB80530038BB3E /* TopAlert */ = {
			isa = PBXGroup;
			children = (
				7A7376CB1CBB803C0038BB3E /* font */,
				7A7376BD1CBB80200038BB3E /* MozTopAlertView.h */,
				7A7376BE1CBB80200038BB3E /* MozTopAlertView.m */,
				7A7376BB1CBB7F810038BB3E /* TopAlert.swift */,
			);
			name = TopAlert;
			sourceTree = "<group>";
		};
		7A7EB3A01C58F07F009AD0A7 = {
			isa = PBXGroup;
			children = (
				7A7EB3AB1C58F07F009AD0A7 /* PersonalFinance */,
				7A7EB3C01C58F07F009AD0A7 /* PersonalFinanceTests */,
				7A7EB3CB1C58F07F009AD0A7 /* PersonalFinanceUITests */,
				7A47C0A51CC8BA210003F25A /* PersonalFinanceTodayWidget */,
				7A7EB3AA1C58F07F009AD0A7 /* Products */,
				F20E35BAF41E71FDCF259D73 /* Pods */,
				49070AD2C4C610F6A62F52DB /* Frameworks */,
			);
			sourceTree = "<group>";
		};
		7A7EB3AA1C58F07F009AD0A7 /* Products */ = {
			isa = PBXGroup;
			children = (
				7A7EB3A91C58F07F009AD0A7 /* PersonalFinance.app */,
				7A7EB3BD1C58F07F009AD0A7 /* PersonalFinanceTests.xctest */,
				7A7EB3C81C58F07F009AD0A7 /* PersonalFinanceUITests.xctest */,
				7A47C0A21CC8BA210003F25A /* PersonalFinanceTodayWidget.appex */,
			);
			name = Products;
			sourceTree = "<group>";
		};
		7A7EB3AB1C58F07F009AD0A7 /* PersonalFinance */ = {
			isa = PBXGroup;
			children = (
				7A7EB3DA1C58F4C6009AD0A7 /* Core Data */,
				7AF073611C5D9D8700221F17 /* ViewModel */,
				7AF073601C5D9D7B00221F17 /* View Controller */,
				7A7EB3AC1C58F07F009AD0A7 /* AppDelegate.swift */,
				7A7EB3B01C58F07F009AD0A7 /* Main.storyboard */,
				7A7EB3B31C58F07F009AD0A7 /* Assets.xcassets */,
				7AF073621C5DA72800221F17 /* Function */,
				7A614FC31C5C77D700BEE1B8 /* Other */,
				7ACEF50F1C5A398500EF2200 /* Resource */,
			);
			path = PersonalFinance;
			sourceTree = "<group>";
		};
		7A7EB3C01C58F07F009AD0A7 /* PersonalFinanceTests */ = {
			isa = PBXGroup;
			children = (
				7A614FCA1C5C851900BEE1B8 /* BaseInfoTest */,
				7ACEF5101C5A39C700EF2200 /* ServiceTest */,
				7A7EB3C11C58F07F009AD0A7 /* PersonalFinanceTests.swift */,
				7A7EB3C31C58F07F009AD0A7 /* Info.plist */,
			);
			path = PersonalFinanceTests;
			sourceTree = "<group>";
		};
		7A7EB3CB1C58F07F009AD0A7 /* PersonalFinanceUITests */ = {
			isa = PBXGroup;
			children = (
				7A7EB3CC1C58F07F009AD0A7 /* PersonalFinanceUITests.swift */,
				7A7EB3CE1C58F07F009AD0A7 /* Info.plist */,
			);
			path = PersonalFinanceUITests;
			sourceTree = "<group>";
		};
		7A7EB3DA1C58F4C6009AD0A7 /* Core Data */ = {
			isa = PBXGroup;
			children = (
				7A7EB3DE1C58F5F0009AD0A7 /* Model */,
				7A7EB3DB1C58F4E8009AD0A7 /* PersonalFinance.xcdatamodeld */,
			);
			name = "Core Data";
			sourceTree = "<group>";
		};
		7A7EB3DE1C58F5F0009AD0A7 /* Model */ = {
			isa = PBXGroup;
			children = (
				7A92C4651CC3C6E50035CF0A /* SingleConsume+CoreDataProperties.swift */,
				7A92C4661CC3C6E50035CF0A /* SingleConsume.swift */,
				7A92C4671CC3C6E50035CF0A /* Category+CoreDataProperties.swift */,
				7A92C4681CC3C6E50035CF0A /* Category.swift */,
			);
			name = Model;
			sourceTree = "<group>";
		};
		7ABCA7DF1CBE8A10008973E0 /* DayConsume VIew Controller */ = {
			isa = PBXGroup;
			children = (
				7ABCA7E01CBE8A5D008973E0 /* DayConsumeViewController.swift */,
			);
			name = "DayConsume VIew Controller";
			sourceTree = "<group>";
		};
		7ABCA7E21CBE8B09008973E0 /* Day Consume */ = {
			isa = PBXGroup;
			children = (
				7ABCA7E51CBE8B4D008973E0 /* DayConsumeViewModel.swift */,
			);
			name = "Day Consume";
			sourceTree = "<group>";
		};
		7ACEF50A1C5A33A400EF2200 /* RACSwift */ = {
			isa = PBXGroup;
			children = (
				7ACEF50B1C5A340600EF2200 /* RAC.swift */,
			);
			name = RACSwift;
			sourceTree = "<group>";
		};
		7ACEF50F1C5A398500EF2200 /* Resource */ = {
			isa = PBXGroup;
			children = (
				7A2136F01CC517EA000737CF /* PersonalFinance.entitlements */,
				7AF0735C1C5D9CCE00221F17 /* PersonalFinance-Bridging-Header.h */,
				7A7EB3B51C58F07F009AD0A7 /* LaunchScreen.storyboard */,
				7A7EB3B81C58F07F009AD0A7 /* Info.plist */,
				7A0644261C6B05BA00FAE828 /* Consume-Type.plist */,
				7A0644281C6B05DC00FAE828 /* NewConsume-Type.plist */,
			);
			name = Resource;
			sourceTree = "<group>";
		};
		7ACEF5101C5A39C700EF2200 /* ServiceTest */ = {
			isa = PBXGroup;
			children = (
				7ACEF5151C5A3A2B00EF2200 /* CoreDataTest.swift */,
				7ACEF5111C5A39F500EF2200 /* SingleCustomServiceTest.swift */,
				7ABC84B91C6B28E9001156BF /* CategoryServiceTest.swift */,
			);
			name = ServiceTest;
			sourceTree = "<group>";
		};
		7AEE21161CB6224F00BC9985 /* Chart View Controller */ = {
			isa = PBXGroup;
			children = (
				7AEE21181CB622A400BC9985 /* ChartViewController.swift */,
				7A444F521CB7778E00324267 /* FinanceOfCategoryTableViewCell.swift */,
			);
			name = "Chart View Controller";
			sourceTree = "<group>";
		};
		7AF073601C5D9D7B00221F17 /* View Controller */ = {
			isa = PBXGroup;
			children = (
				7A2B3ECD1CC0A86300D751D5 /* Setting View Controller */,
				7AEE21161CB6224F00BC9985 /* Chart View Controller */,
				7A2136E41CC4CDE2000737CF /* Add New Category View Controller */,
				7A41680F1C60615200145EA1 /* Add New Consume View Controller */,
				7AF0736F1C5DA8B000221F17 /* Main View Controller */,
			);
			name = "View Controller";
			sourceTree = "<group>";
		};
		7AF073611C5D9D8700221F17 /* ViewModel */ = {
			isa = PBXGroup;
			children = (
				7A2B3ECE1CC0A87600D751D5 /* Setting  View Model */,
				7A444F541CB77D0000324267 /* Chart View Model */,
				7A2136E71CC4CE27000737CF /* Add New Category */,
				7A4168101C60616F00145EA1 /* Add New Custom */,
				7AF0736C1C5DA88800221F17 /* Main View Model */,
			);
			name = ViewModel;
			sourceTree = "<group>";
		};
		7AF073621C5DA72800221F17 /* Function */ = {
			isa = PBXGroup;
			children = (
				7A0D40AA1CC797D300B72EAE /* NSUserDefaults Sync */,
				7A7376CC1CBB80530038BB3E /* TopAlert */,
				7AF073651C5DA74900221F17 /* TYWaveProgressView */,
			);
			name = Function;
			sourceTree = "<group>";
		};
		7AF073651C5DA74900221F17 /* TYWaveProgressView */ = {
			isa = PBXGroup;
			children = (
				7AF073661C5DA75200221F17 /* TYWaterWaveView.h */,
				7AF073671C5DA75200221F17 /* TYWaterWaveView.m */,
				7AF073681C5DA75200221F17 /* TYWaveProgressView.h */,
				7AF073691C5DA75200221F17 /* TYWaveProgressView.m */,
			);
			name = TYWaveProgressView;
			sourceTree = "<group>";
		};
		7AF0736C1C5DA88800221F17 /* Main View Model */ = {
			isa = PBXGroup;
			children = (
				7A01C1221CBF3F6A00D3EC90 /* Month Consume */,
				7ABCA7E21CBE8B09008973E0 /* Day Consume */,
				7AF0736D1C5DA8AB00221F17 /* MainViewModel.swift */,
			);
			name = "Main View Model";
			sourceTree = "<group>";
		};
		7AF0736F1C5DA8B000221F17 /* Main View Controller */ = {
			isa = PBXGroup;
			children = (
				7A01C11F1CBF3F4100D3EC90 /* MonthConsume View Controller */,
				7ABCA7DF1CBE8A10008973E0 /* DayConsume VIew Controller */,
				7A7EB3AE1C58F07F009AD0A7 /* ViewController.swift */,
			);
			name = "Main View Controller";
			sourceTree = "<group>";
		};
		F20E35BAF41E71FDCF259D73 /* Pods */ = {
			isa = PBXGroup;
			children = (
				88A9160AED56E19E43EE5900 /* Pods-PersonalFinance.debug.xcconfig */,
				03C71E5029CBF1E652AAF0CD /* Pods-PersonalFinance.release.xcconfig */,
			);
			name = Pods;
			sourceTree = "<group>";
		};
/* End PBXGroup section */

/* Begin PBXNativeTarget section */
		7A47C0A11CC8BA210003F25A /* PersonalFinanceTodayWidget */ = {
			isa = PBXNativeTarget;
			buildConfigurationList = 7A47C0B11CC8BA210003F25A /* Build configuration list for PBXNativeTarget "PersonalFinanceTodayWidget" */;
			buildPhases = (
				7A47C09E1CC8BA210003F25A /* Sources */,
				7A47C09F1CC8BA210003F25A /* Frameworks */,
				7A47C0A01CC8BA210003F25A /* Resources */,
			);
			buildRules = (
			);
			dependencies = (
			);
			name = PersonalFinanceTodayWidget;
			productName = PersonalFinanceTodayWidget;
			productReference = 7A47C0A21CC8BA210003F25A /* PersonalFinanceTodayWidget.appex */;
			productType = "com.apple.product-type.app-extension";
		};
		7A7EB3A81C58F07F009AD0A7 /* PersonalFinance */ = {
			isa = PBXNativeTarget;
			buildConfigurationList = 7A7EB3D11C58F07F009AD0A7 /* Build configuration list for PBXNativeTarget "PersonalFinance" */;
			buildPhases = (
				1340BBE671C8D93A3B0A894C /* Check Pods Manifest.lock */,
				7A7EB3A51C58F07F009AD0A7 /* Sources */,
				7A7EB3A61C58F07F009AD0A7 /* Frameworks */,
				7A7EB3A71C58F07F009AD0A7 /* Resources */,
				4FC8A7159CBF54A83780CE31 /* Embed Pods Frameworks */,
				474EB2C8EDEEF65D61CFA93B /* Copy Pods Resources */,
				7A1800231CC20D280092AEC8 /* ShellScript */,
				7A47C0B21CC8BA210003F25A /* Embed App Extensions */,
			);
			buildRules = (
			);
			dependencies = (
				7A47C0AD1CC8BA210003F25A /* PBXTargetDependency */,
			);
			name = PersonalFinance;
			productName = PersonalFinance;
			productReference = 7A7EB3A91C58F07F009AD0A7 /* PersonalFinance.app */;
			productType = "com.apple.product-type.application";
		};
		7A7EB3BC1C58F07F009AD0A7 /* PersonalFinanceTests */ = {
			isa = PBXNativeTarget;
			buildConfigurationList = 7A7EB3D41C58F07F009AD0A7 /* Build configuration list for PBXNativeTarget "PersonalFinanceTests" */;
			buildPhases = (
				7A7EB3B91C58F07F009AD0A7 /* Sources */,
				7A7EB3BA1C58F07F009AD0A7 /* Frameworks */,
				7A7EB3BB1C58F07F009AD0A7 /* Resources */,
			);
			buildRules = (
			);
			dependencies = (
				7A7EB3BF1C58F07F009AD0A7 /* PBXTargetDependency */,
			);
			name = PersonalFinanceTests;
			productName = PersonalFinanceTests;
			productReference = 7A7EB3BD1C58F07F009AD0A7 /* PersonalFinanceTests.xctest */;
			productType = "com.apple.product-type.bundle.unit-test";
		};
		7A7EB3C71C58F07F009AD0A7 /* PersonalFinanceUITests */ = {
			isa = PBXNativeTarget;
			buildConfigurationList = 7A7EB3D71C58F07F009AD0A7 /* Build configuration list for PBXNativeTarget "PersonalFinanceUITests" */;
			buildPhases = (
				7A7EB3C41C58F07F009AD0A7 /* Sources */,
				7A7EB3C51C58F07F009AD0A7 /* Frameworks */,
				7A7EB3C61C58F07F009AD0A7 /* Resources */,
			);
			buildRules = (
			);
			dependencies = (
				7A7EB3CA1C58F07F009AD0A7 /* PBXTargetDependency */,
			);
			name = PersonalFinanceUITests;
			productName = PersonalFinanceUITests;
			productReference = 7A7EB3C81C58F07F009AD0A7 /* PersonalFinanceUITests.xctest */;
			productType = "com.apple.product-type.bundle.ui-testing";
		};
/* End PBXNativeTarget section */

/* Begin PBXProject section */
		7A7EB3A11C58F07F009AD0A7 /* Project object */ = {
			isa = PBXProject;
			attributes = {
				LastSwiftUpdateCheck = 0730;
				LastUpgradeCheck = 0720;
				ORGANIZATIONNAME = "王焕强";
				TargetAttributes = {
					7A47C0A11CC8BA210003F25A = {
						CreatedOnToolsVersion = 7.3;
						DevelopmentTeam = EYK6J4JA87;
						SystemCapabilities = {
							com.apple.ApplicationGroups.iOS = {
								enabled = 1;
							};
						};
					};
					7A7EB3A81C58F07F009AD0A7 = {
						CreatedOnToolsVersion = 7.2;
						DevelopmentTeam = EYK6J4JA87;
						SystemCapabilities = {
							com.apple.ApplicationGroups.iOS = {
								enabled = 1;
							};
							com.apple.iCloud = {
								enabled = 1;
							};
						};
					};
					7A7EB3BC1C58F07F009AD0A7 = {
						CreatedOnToolsVersion = 7.2;
						TestTargetID = 7A7EB3A81C58F07F009AD0A7;
					};
					7A7EB3C71C58F07F009AD0A7 = {
						CreatedOnToolsVersion = 7.2;
						TestTargetID = 7A7EB3A81C58F07F009AD0A7;
					};
				};
			};
			buildConfigurationList = 7A7EB3A41C58F07F009AD0A7 /* Build configuration list for PBXProject "PersonalFinance" */;
			compatibilityVersion = "Xcode 3.2";
			developmentRegion = English;
			hasScannedForEncodings = 0;
			knownRegions = (
				en,
				Base,
			);
			mainGroup = 7A7EB3A01C58F07F009AD0A7;
			productRefGroup = 7A7EB3AA1C58F07F009AD0A7 /* Products */;
			projectDirPath = "";
			projectRoot = "";
			targets = (
				7A7EB3A81C58F07F009AD0A7 /* PersonalFinance */,
				7A7EB3BC1C58F07F009AD0A7 /* PersonalFinanceTests */,
				7A7EB3C71C58F07F009AD0A7 /* PersonalFinanceUITests */,
				7A47C0A11CC8BA210003F25A /* PersonalFinanceTodayWidget */,
			);
		};
/* End PBXProject section */

/* Begin PBXResourcesBuildPhase section */
		7A47C0A01CC8BA210003F25A /* Resources */ = {
			isa = PBXResourcesBuildPhase;
			buildActionMask = 2147483647;
			files = (
				7A47C0B71CC8C1E20003F25A /* Assets.xcassets in Resources */,
				7A47C0AA1CC8BA210003F25A /* MainInterface.storyboard in Resources */,
			);
			runOnlyForDeploymentPostprocessing = 0;
		};
		7A7EB3A71C58F07F009AD0A7 /* Resources */ = {
			isa = PBXResourcesBuildPhase;
			buildActionMask = 2147483647;
			files = (
				7A2B3F051CC11FF100D751D5 /* SampleSplashViewController.xib in Resources */,
				7A7EB3B71C58F07F009AD0A7 /* LaunchScreen.storyboard in Resources */,
				7A0644271C6B05BA00FAE828 /* Consume-Type.plist in Resources */,
				7A0644291C6B05DC00FAE828 /* NewConsume-Type.plist in Resources */,
				7A7EB3B41C58F07F009AD0A7 /* Assets.xcassets in Resources */,
				7A7EB3B21C58F07F009AD0A7 /* Main.storyboard in Resources */,
				7A7376C81CBB80350038BB3E /* FontAwesome.ttf in Resources */,
			);
			runOnlyForDeploymentPostprocessing = 0;
		};
		7A7EB3BB1C58F07F009AD0A7 /* Resources */ = {
			isa = PBXResourcesBuildPhase;
			buildActionMask = 2147483647;
			files = (
			);
			runOnlyForDeploymentPostprocessing = 0;
		};
		7A7EB3C61C58F07F009AD0A7 /* Resources */ = {
			isa = PBXResourcesBuildPhase;
			buildActionMask = 2147483647;
			files = (
			);
			runOnlyForDeploymentPostprocessing = 0;
		};
/* End PBXResourcesBuildPhase section */

/* Begin PBXShellScriptBuildPhase section */
		1340BBE671C8D93A3B0A894C /* Check Pods Manifest.lock */ = {
			isa = PBXShellScriptBuildPhase;
			buildActionMask = 2147483647;
			files = (
			);
			inputPaths = (
			);
			name = "Check Pods Manifest.lock";
			outputPaths = (
			);
			runOnlyForDeploymentPostprocessing = 0;
			shellPath = /bin/sh;
			shellScript = "diff \"${PODS_ROOT}/../Podfile.lock\" \"${PODS_ROOT}/Manifest.lock\" > /dev/null\nif [[ $? != 0 ]] ; then\n    cat << EOM\nerror: The sandbox is not in sync with the Podfile.lock. Run 'pod install' or update your CocoaPods installation.\nEOM\n    exit 1\nfi\n";
			showEnvVarsInLog = 0;
		};
		474EB2C8EDEEF65D61CFA93B /* Copy Pods Resources */ = {
			isa = PBXShellScriptBuildPhase;
			buildActionMask = 2147483647;
			files = (
			);
			inputPaths = (
			);
			name = "Copy Pods Resources";
			outputPaths = (
			);
			runOnlyForDeploymentPostprocessing = 0;
			shellPath = /bin/sh;
			shellScript = "\"${SRCROOT}/Pods/Target Support Files/Pods-PersonalFinance/Pods-PersonalFinance-resources.sh\"\n";
			showEnvVarsInLog = 0;
		};
		4FC8A7159CBF54A83780CE31 /* Embed Pods Frameworks */ = {
			isa = PBXShellScriptBuildPhase;
			buildActionMask = 2147483647;
			files = (
			);
			inputPaths = (
			);
			name = "Embed Pods Frameworks";
			outputPaths = (
			);
			runOnlyForDeploymentPostprocessing = 0;
			shellPath = /bin/sh;
			shellScript = "\"${SRCROOT}/Pods/Target Support Files/Pods-PersonalFinance/Pods-PersonalFinance-frameworks.sh\"\n";
			showEnvVarsInLog = 0;
		};
		7A1800231CC20D280092AEC8 /* ShellScript */ = {
			isa = PBXShellScriptBuildPhase;
			buildActionMask = 2147483647;
			files = (
			);
			inputPaths = (
			);
			outputPaths = (
			);
			runOnlyForDeploymentPostprocessing = 0;
			shellPath = /bin/sh;
			shellScript = "\"${PODS_ROOT}/Fabric/run\" e4c25b01bb57b919a9e340d50e1312232401ec00 fd32cc426a4ca29df8d025953988d65748ad93fb75c39ec26cb51c334b497a67";
		};
/* End PBXShellScriptBuildPhase section */

/* Begin PBXSourcesBuildPhase section */
		7A47C09E1CC8BA210003F25A /* Sources */ = {
			isa = PBXSourcesBuildPhase;
			buildActionMask = 2147483647;
			files = (
				7A47C0A71CC8BA210003F25A /* TodayViewController.swift in Sources */,
				7A47C0B61CC8BCCE0003F25A /* ShareWithGroupOperation.swift in Sources */,
				7A47C1081CC8FAF80003F25A /* BaseDataInfoExtension.swift in Sources */,
			);
			runOnlyForDeploymentPostprocessing = 0;
		};
		7A7EB3A51C58F07F009AD0A7 /* Sources */ = {
			isa = PBXSourcesBuildPhase;
			buildActionMask = 2147483647;
			files = (
				7A0D40AD1CC797F600B72EAE /* MKiCloudSync.m in Sources */,
				7A47C0B51CC8BB5A0003F25A /* ShareWithGroupOperation.swift in Sources */,
				7A2B3ED21CC0A8C100D751D5 /* SettingViewModel.swift in Sources */,
				7A01C1211CBF3F6500D3EC90 /* MonthConsumeViewController.swift in Sources */,
				7AB1EDD51CBCDE4A007D7151 /* FinanceOfCategory.swift in Sources */,
				7A2B3ED01CC0A8AA00D751D5 /* SettingViewController.swift in Sources */,
				7A7EB3DD1C58F4E8009AD0A7 /* PersonalFinance.xcdatamodeld in Sources */,
				7A06442B1C6B08A300FAE828 /* CustomTypeCollectionViewCell.swift in Sources */,
				7A92C46A1CC3C6E50035CF0A /* SingleConsume.swift in Sources */,
				7A7EB3AF1C58F07F009AD0A7 /* ViewController.swift in Sources */,
				7A2B3ECC1CC08CE200D751D5 /* DayConsumeInfo.swift in Sources */,
				7A614FC61C5C780900BEE1B8 /* DateExtension.swift in Sources */,
				7A7376BC1CBB7F810038BB3E /* TopAlert.swift in Sources */,
				7AC393311C5CF25000A03DAC /* OnBoardPageManager.swift in Sources */,
				7A2B3F081CC1240500D751D5 /* PasscodeOperation.swift in Sources */,
				7A7376C71CBB80350038BB3E /* FAImageView.m in Sources */,
				7A92C46B1CC3C6E50035CF0A /* Category+CoreDataProperties.swift in Sources */,
				7A18FFE51CC1BC530092AEC8 /* UIViewControllerExtension.swift in Sources */,
				7A2845B01CCB596200770DB0 /* LocalNotification.swift in Sources */,
				7A7EB3AD1C58F07F009AD0A7 /* AppDelegate.swift in Sources */,
				7ACEF50C1C5A340600EF2200 /* RAC.swift in Sources */,
				7A92C46C1CC3C6E50035CF0A /* Category.swift in Sources */,
				7A7D35B81CC2668D00E2A389 /* DealMoneyFormat.swift in Sources */,
				7A2136EB1CC4D486000737CF /* AddNewConsumeCategoryViewController.swift in Sources */,
				7A444F571CB77D3500324267 /* ChartViewModel.swift in Sources */,
				7A2B3F041CC11FF100D751D5 /* SampleSplashViewController.swift in Sources */,
				7A2845B21CCB63C200770DB0 /* PrepareLocalNotification.swift in Sources */,
				7A2B3ED61CC0C55E00D751D5 /* SettingTableViewCell.swift in Sources */,
				7A7376CA1CBB80350038BB3E /* UIFont+FontAwesome.m in Sources */,
				7AF0736A1C5DA75200221F17 /* TYWaterWaveView.m in Sources */,
				7A47B8581C6B3B0F00F63D9A /* OperatePlist.swift in Sources */,
				7ABCA7E61CBE8B4D008973E0 /* DayConsumeViewModel.swift in Sources */,
				7AF0736B1C5DA75200221F17 /* TYWaveProgressView.m in Sources */,
				7A01C1261CBFC2F200D3EC90 /* MonthConsumeViewModel.swift in Sources */,
				7A7376BF1CBB80200038BB3E /* MozTopAlertView.m in Sources */,
				7A4168121C60619200145EA1 /* AddNewCustomViewController.swift in Sources */,
				7A2136ED1CC4D71F000737CF /* AddNewConsumeCategoryCollectionViewCell.swift in Sources */,
				7AEE21191CB622A400BC9985 /* ChartViewController.swift in Sources */,
				7A7376C91CBB80350038BB3E /* NSString+FontAwesome.m in Sources */,
				7A4168141C6061BA00145EA1 /* AddNewCustomViewModel.swift in Sources */,
				7A614FC91C5C7C1900BEE1B8 /* BaseInfo.swift in Sources */,
				7A2136E91CC4CE44000737CF /* AddNewConsumeCategoryViewModel.swift in Sources */,
				7ADF859A1CBD19FA008FCEA1 /* BaseDataInfoExtension.swift in Sources */,
				7ABCA7E11CBE8A5D008973E0 /* DayConsumeViewController.swift in Sources */,
				7A444F531CB7778E00324267 /* FinanceOfCategoryTableViewCell.swift in Sources */,
				7AF0736E1C5DA8AB00221F17 /* MainViewModel.swift in Sources */,
				7A92C4691CC3C6E50035CF0A /* SingleConsume+CoreDataProperties.swift in Sources */,
			);
			runOnlyForDeploymentPostprocessing = 0;
		};
		7A7EB3B91C58F07F009AD0A7 /* Sources */ = {
			isa = PBXSourcesBuildPhase;
			buildActionMask = 2147483647;
			files = (
				7A614FCC1C5C853600BEE1B8 /* BaseInfoTest.swift in Sources */,
				7ACEF5161C5A3A2B00EF2200 /* CoreDataTest.swift in Sources */,
				7ACEF5121C5A39F500EF2200 /* SingleCustomServiceTest.swift in Sources */,
				7A7EB3C21C58F07F009AD0A7 /* PersonalFinanceTests.swift in Sources */,
				7ABC84BA1C6B28E9001156BF /* CategoryServiceTest.swift in Sources */,
			);
			runOnlyForDeploymentPostprocessing = 0;
		};
		7A7EB3C41C58F07F009AD0A7 /* Sources */ = {
			isa = PBXSourcesBuildPhase;
			buildActionMask = 2147483647;
			files = (
				7A7EB3CD1C58F07F009AD0A7 /* PersonalFinanceUITests.swift in Sources */,
			);
			runOnlyForDeploymentPostprocessing = 0;
		};
/* End PBXSourcesBuildPhase section */

/* Begin PBXTargetDependency section */
		7A47C0AD1CC8BA210003F25A /* PBXTargetDependency */ = {
			isa = PBXTargetDependency;
			target = 7A47C0A11CC8BA210003F25A /* PersonalFinanceTodayWidget */;
			targetProxy = 7A47C0AC1CC8BA210003F25A /* PBXContainerItemProxy */;
		};
		7A7EB3BF1C58F07F009AD0A7 /* PBXTargetDependency */ = {
			isa = PBXTargetDependency;
			target = 7A7EB3A81C58F07F009AD0A7 /* PersonalFinance */;
			targetProxy = 7A7EB3BE1C58F07F009AD0A7 /* PBXContainerItemProxy */;
		};
		7A7EB3CA1C58F07F009AD0A7 /* PBXTargetDependency */ = {
			isa = PBXTargetDependency;
			target = 7A7EB3A81C58F07F009AD0A7 /* PersonalFinance */;
			targetProxy = 7A7EB3C91C58F07F009AD0A7 /* PBXContainerItemProxy */;
		};
/* End PBXTargetDependency section */

/* Begin PBXVariantGroup section */
		7A47C0A81CC8BA210003F25A /* MainInterface.storyboard */ = {
			isa = PBXVariantGroup;
			children = (
				7A47C0A91CC8BA210003F25A /* Base */,
			);
			name = MainInterface.storyboard;
			sourceTree = "<group>";
		};
		7A7EB3B01C58F07F009AD0A7 /* Main.storyboard */ = {
			isa = PBXVariantGroup;
			children = (
				7A7EB3B11C58F07F009AD0A7 /* Base */,
			);
			name = Main.storyboard;
			sourceTree = "<group>";
		};
		7A7EB3B51C58F07F009AD0A7 /* LaunchScreen.storyboard */ = {
			isa = PBXVariantGroup;
			children = (
				7A7EB3B61C58F07F009AD0A7 /* Base */,
			);
			name = LaunchScreen.storyboard;
			sourceTree = "<group>";
		};
/* End PBXVariantGroup section */

/* Begin XCBuildConfiguration section */
		7A47C0AF1CC8BA210003F25A /* Debug */ = {
			isa = XCBuildConfiguration;
			buildSettings = {
				CLANG_ANALYZER_NONNULL = YES;
				CODE_SIGN_ENTITLEMENTS = PersonalFinanceTodayWidget/PersonalFinanceTodayWidget.entitlements;
				CODE_SIGN_IDENTITY = "iPhone Developer";
				"CODE_SIGN_IDENTITY[sdk=iphoneos*]" = "iPhone Developer";
				INFOPLIST_FILE = PersonalFinanceTodayWidget/Info.plist;
				IPHONEOS_DEPLOYMENT_TARGET = 9.3;
				LD_RUNPATH_SEARCH_PATHS = "$(inherited) @executable_path/Frameworks @executable_path/../../Frameworks";
				PRODUCT_BUNDLE_IDENTIFIER = com.huanqiang.PersonalFinance.PersonalFinanceTodayWidget;
				PRODUCT_NAME = "$(TARGET_NAME)";
				SKIP_INSTALL = YES;
			};
			name = Debug;
		};
		7A47C0B01CC8BA210003F25A /* Release */ = {
			isa = XCBuildConfiguration;
			buildSettings = {
				CLANG_ANALYZER_NONNULL = YES;
				CODE_SIGN_ENTITLEMENTS = PersonalFinanceTodayWidget/PersonalFinanceTodayWidget.entitlements;
				CODE_SIGN_IDENTITY = "iPhone Developer";
				"CODE_SIGN_IDENTITY[sdk=iphoneos*]" = "iPhone Developer";
				INFOPLIST_FILE = PersonalFinanceTodayWidget/Info.plist;
				IPHONEOS_DEPLOYMENT_TARGET = 9.3;
				LD_RUNPATH_SEARCH_PATHS = "$(inherited) @executable_path/Frameworks @executable_path/../../Frameworks";
				PRODUCT_BUNDLE_IDENTIFIER = com.huanqiang.PersonalFinance.PersonalFinanceTodayWidget;
				PRODUCT_NAME = "$(TARGET_NAME)";
				SKIP_INSTALL = YES;
			};
			name = Release;
		};
		7A7EB3CF1C58F07F009AD0A7 /* Debug */ = {
			isa = XCBuildConfiguration;
			buildSettings = {
				ALWAYS_SEARCH_USER_PATHS = NO;
				CLANG_CXX_LANGUAGE_STANDARD = "gnu++0x";
				CLANG_CXX_LIBRARY = "libc++";
				CLANG_ENABLE_MODULES = YES;
				CLANG_ENABLE_OBJC_ARC = YES;
				CLANG_WARN_BOOL_CONVERSION = YES;
				CLANG_WARN_CONSTANT_CONVERSION = YES;
				CLANG_WARN_DIRECT_OBJC_ISA_USAGE = YES_ERROR;
				CLANG_WARN_EMPTY_BODY = YES;
				CLANG_WARN_ENUM_CONVERSION = YES;
				CLANG_WARN_INT_CONVERSION = YES;
				CLANG_WARN_OBJC_ROOT_CLASS = YES_ERROR;
				CLANG_WARN_UNREACHABLE_CODE = YES;
				CLANG_WARN__DUPLICATE_METHOD_MATCH = YES;
				"CODE_SIGN_IDENTITY[sdk=iphoneos*]" = "iPhone Developer";
				COPY_PHASE_STRIP = NO;
				DEBUG_INFORMATION_FORMAT = dwarf;
				ENABLE_STRICT_OBJC_MSGSEND = YES;
				ENABLE_TESTABILITY = YES;
				GCC_C_LANGUAGE_STANDARD = gnu99;
				GCC_DYNAMIC_NO_PIC = NO;
				GCC_NO_COMMON_BLOCKS = YES;
				GCC_OPTIMIZATION_LEVEL = 0;
				GCC_PREPROCESSOR_DEFINITIONS = (
					"DEBUG=1",
					"$(inherited)",
				);
				GCC_WARN_64_TO_32_BIT_CONVERSION = YES;
				GCC_WARN_ABOUT_RETURN_TYPE = YES_ERROR;
				GCC_WARN_UNDECLARED_SELECTOR = YES;
				GCC_WARN_UNINITIALIZED_AUTOS = YES_AGGRESSIVE;
				GCC_WARN_UNUSED_FUNCTION = YES;
				GCC_WARN_UNUSED_VARIABLE = YES;
				IPHONEOS_DEPLOYMENT_TARGET = 9.2;
				MTL_ENABLE_DEBUG_INFO = YES;
				ONLY_ACTIVE_ARCH = YES;
				SDKROOT = iphoneos;
				SWIFT_OPTIMIZATION_LEVEL = "-Onone";
			};
			name = Debug;
		};
		7A7EB3D01C58F07F009AD0A7 /* Release */ = {
			isa = XCBuildConfiguration;
			buildSettings = {
				ALWAYS_SEARCH_USER_PATHS = NO;
				CLANG_CXX_LANGUAGE_STANDARD = "gnu++0x";
				CLANG_CXX_LIBRARY = "libc++";
				CLANG_ENABLE_MODULES = YES;
				CLANG_ENABLE_OBJC_ARC = YES;
				CLANG_WARN_BOOL_CONVERSION = YES;
				CLANG_WARN_CONSTANT_CONVERSION = YES;
				CLANG_WARN_DIRECT_OBJC_ISA_USAGE = YES_ERROR;
				CLANG_WARN_EMPTY_BODY = YES;
				CLANG_WARN_ENUM_CONVERSION = YES;
				CLANG_WARN_INT_CONVERSION = YES;
				CLANG_WARN_OBJC_ROOT_CLASS = YES_ERROR;
				CLANG_WARN_UNREACHABLE_CODE = YES;
				CLANG_WARN__DUPLICATE_METHOD_MATCH = YES;
				"CODE_SIGN_IDENTITY[sdk=iphoneos*]" = "iPhone Developer";
				COPY_PHASE_STRIP = NO;
				DEBUG_INFORMATION_FORMAT = "dwarf-with-dsym";
				ENABLE_NS_ASSERTIONS = NO;
				ENABLE_STRICT_OBJC_MSGSEND = YES;
				GCC_C_LANGUAGE_STANDARD = gnu99;
				GCC_NO_COMMON_BLOCKS = YES;
				GCC_WARN_64_TO_32_BIT_CONVERSION = YES;
				GCC_WARN_ABOUT_RETURN_TYPE = YES_ERROR;
				GCC_WARN_UNDECLARED_SELECTOR = YES;
				GCC_WARN_UNINITIALIZED_AUTOS = YES_AGGRESSIVE;
				GCC_WARN_UNUSED_FUNCTION = YES;
				GCC_WARN_UNUSED_VARIABLE = YES;
				IPHONEOS_DEPLOYMENT_TARGET = 9.2;
				MTL_ENABLE_DEBUG_INFO = NO;
				SDKROOT = iphoneos;
				VALIDATE_PRODUCT = YES;
			};
			name = Release;
		};
		7A7EB3D21C58F07F009AD0A7 /* Debug */ = {
			isa = XCBuildConfiguration;
			baseConfigurationReference = 88A9160AED56E19E43EE5900 /* Pods-PersonalFinance.debug.xcconfig */;
			buildSettings = {
				ASSETCATALOG_COMPILER_APPICON_NAME = AppIcon;
				CLANG_ENABLE_MODULES = YES;
				CODE_SIGN_ENTITLEMENTS = PersonalFinance/PersonalFinance.entitlements;
				CODE_SIGN_IDENTITY = "iPhone Developer";
				"CODE_SIGN_IDENTITY[sdk=iphoneos*]" = "iPhone Developer";
				DEBUG_INFORMATION_FORMAT = "dwarf-with-dsym";
				EMBEDDED_CONTENT_CONTAINS_SWIFT = YES;
				INFOPLIST_FILE = PersonalFinance/Info.plist;
				IPHONEOS_DEPLOYMENT_TARGET = 9.3;
				LD_RUNPATH_SEARCH_PATHS = "$(inherited) @executable_path/Frameworks";
				PRODUCT_BUNDLE_IDENTIFIER = com.huanqiang.PersonalFinance;
				PRODUCT_NAME = "$(TARGET_NAME)";
				PROVISIONING_PROFILE = "";
				SWIFT_OBJC_BRIDGING_HEADER = "PersonalFinance/PersonalFinance-Bridging-Header.h";
				SWIFT_OPTIMIZATION_LEVEL = "-Onone";
				TARGETED_DEVICE_FAMILY = "1,2";
			};
			name = Debug;
		};
		7A7EB3D31C58F07F009AD0A7 /* Release */ = {
			isa = XCBuildConfiguration;
			baseConfigurationReference = 03C71E5029CBF1E652AAF0CD /* Pods-PersonalFinance.release.xcconfig */;
			buildSettings = {
				ASSETCATALOG_COMPILER_APPICON_NAME = AppIcon;
				CLANG_ENABLE_MODULES = YES;
				CODE_SIGN_ENTITLEMENTS = PersonalFinance/PersonalFinance.entitlements;
				CODE_SIGN_IDENTITY = "iPhone Developer";
				"CODE_SIGN_IDENTITY[sdk=iphoneos*]" = "iPhone Developer";
				EMBEDDED_CONTENT_CONTAINS_SWIFT = YES;
				INFOPLIST_FILE = PersonalFinance/Info.plist;
				IPHONEOS_DEPLOYMENT_TARGET = 9.3;
				LD_RUNPATH_SEARCH_PATHS = "$(inherited) @executable_path/Frameworks";
				PRODUCT_BUNDLE_IDENTIFIER = com.huanqiang.PersonalFinance;
				PRODUCT_NAME = "$(TARGET_NAME)";
				PROVISIONING_PROFILE = "";
				SWIFT_OBJC_BRIDGING_HEADER = "PersonalFinance/PersonalFinance-Bridging-Header.h";
				TARGETED_DEVICE_FAMILY = "1,2";
			};
			name = Release;
		};
		7A7EB3D51C58F07F009AD0A7 /* Debug */ = {
			isa = XCBuildConfiguration;
			buildSettings = {
				BUNDLE_LOADER = "$(TEST_HOST)";
				INFOPLIST_FILE = PersonalFinanceTests/Info.plist;
				LD_RUNPATH_SEARCH_PATHS = "$(inherited) @executable_path/Frameworks @loader_path/Frameworks";
				PRODUCT_BUNDLE_IDENTIFIER = com.wanghuanqiang.PersonalFinanceTests;
				PRODUCT_NAME = "$(TARGET_NAME)";
				TEST_HOST = "$(BUILT_PRODUCTS_DIR)/PersonalFinance.app/PersonalFinance";
			};
			name = Debug;
		};
		7A7EB3D61C58F07F009AD0A7 /* Release */ = {
			isa = XCBuildConfiguration;
			buildSettings = {
				BUNDLE_LOADER = "$(TEST_HOST)";
				INFOPLIST_FILE = PersonalFinanceTests/Info.plist;
				LD_RUNPATH_SEARCH_PATHS = "$(inherited) @executable_path/Frameworks @loader_path/Frameworks";
				PRODUCT_BUNDLE_IDENTIFIER = com.wanghuanqiang.PersonalFinanceTests;
				PRODUCT_NAME = "$(TARGET_NAME)";
				TEST_HOST = "$(BUILT_PRODUCTS_DIR)/PersonalFinance.app/PersonalFinance";
			};
			name = Release;
		};
		7A7EB3D81C58F07F009AD0A7 /* Debug */ = {
			isa = XCBuildConfiguration;
			buildSettings = {
				INFOPLIST_FILE = PersonalFinanceUITests/Info.plist;
				LD_RUNPATH_SEARCH_PATHS = "$(inherited) @executable_path/Frameworks @loader_path/Frameworks";
				PRODUCT_BUNDLE_IDENTIFIER = com.wanghuanqiang.PersonalFinanceUITests;
				PRODUCT_NAME = "$(TARGET_NAME)";
				TEST_TARGET_NAME = PersonalFinance;
				USES_XCTRUNNER = YES;
			};
			name = Debug;
		};
		7A7EB3D91C58F07F009AD0A7 /* Release */ = {
			isa = XCBuildConfiguration;
			buildSettings = {
				INFOPLIST_FILE = PersonalFinanceUITests/Info.plist;
				LD_RUNPATH_SEARCH_PATHS = "$(inherited) @executable_path/Frameworks @loader_path/Frameworks";
				PRODUCT_BUNDLE_IDENTIFIER = com.wanghuanqiang.PersonalFinanceUITests;
				PRODUCT_NAME = "$(TARGET_NAME)";
				TEST_TARGET_NAME = PersonalFinance;
				USES_XCTRUNNER = YES;
			};
			name = Release;
		};
/* End XCBuildConfiguration section */

/* Begin XCConfigurationList section */
		7A47C0B11CC8BA210003F25A /* Build configuration list for PBXNativeTarget "PersonalFinanceTodayWidget" */ = {
			isa = XCConfigurationList;
			buildConfigurations = (
				7A47C0AF1CC8BA210003F25A /* Debug */,
				7A47C0B01CC8BA210003F25A /* Release */,
			);
			defaultConfigurationIsVisible = 0;
			defaultConfigurationName = Release;
		};
		7A7EB3A41C58F07F009AD0A7 /* Build configuration list for PBXProject "PersonalFinance" */ = {
			isa = XCConfigurationList;
			buildConfigurations = (
				7A7EB3CF1C58F07F009AD0A7 /* Debug */,
				7A7EB3D01C58F07F009AD0A7 /* Release */,
			);
			defaultConfigurationIsVisible = 0;
			defaultConfigurationName = Release;
		};
		7A7EB3D11C58F07F009AD0A7 /* Build configuration list for PBXNativeTarget "PersonalFinance" */ = {
			isa = XCConfigurationList;
			buildConfigurations = (
				7A7EB3D21C58F07F009AD0A7 /* Debug */,
				7A7EB3D31C58F07F009AD0A7 /* Release */,
			);
			defaultConfigurationIsVisible = 0;
			defaultConfigurationName = Release;
		};
		7A7EB3D41C58F07F009AD0A7 /* Build configuration list for PBXNativeTarget "PersonalFinanceTests" */ = {
			isa = XCConfigurationList;
			buildConfigurations = (
				7A7EB3D51C58F07F009AD0A7 /* Debug */,
				7A7EB3D61C58F07F009AD0A7 /* Release */,
			);
			defaultConfigurationIsVisible = 0;
			defaultConfigurationName = Release;
		};
		7A7EB3D71C58F07F009AD0A7 /* Build configuration list for PBXNativeTarget "PersonalFinanceUITests" */ = {
			isa = XCConfigurationList;
			buildConfigurations = (
				7A7EB3D81C58F07F009AD0A7 /* Debug */,
				7A7EB3D91C58F07F009AD0A7 /* Release */,
			);
			defaultConfigurationIsVisible = 0;
			defaultConfigurationName = Release;
		};
/* End XCConfigurationList section */

/* Begin XCVersionGroup section */
		7A7EB3DB1C58F4E8009AD0A7 /* PersonalFinance.xcdatamodeld */ = {
			isa = XCVersionGroup;
			children = (
				7A7EB3DC1C58F4E8009AD0A7 /* PersonalFinance.xcdatamodel */,
			);
			currentVersion = 7A7EB3DC1C58F4E8009AD0A7 /* PersonalFinance.xcdatamodel */;
			path = PersonalFinance.xcdatamodeld;
			sourceTree = "<group>";
			versionGroupType = wrapper.xcdatamodel;
		};
/* End XCVersionGroup section */
	};
	rootObject = 7A7EB3A11C58F07F009AD0A7 /* Project object */;
}
